{
  "requires": true,
  "lockfileVersion": 1,
  "dependencies": {
    "io": {
      "version": "git+https://github.com/arodic/io.git#2a495b9dd26fa0bf2f7045fb4aeb7ba21deddcda"
    },
    "todomvc-app-css": {
      "version": "2.1.2",
      "resolved": "https://registry.npmjs.org/todomvc-app-css/-/todomvc-app-css-2.1.2.tgz",
      "integrity": "sha512-WgXLWY4snfC7yBkpzFb6xRmUbB06NGuji6njCByte0byW2DUpmyhh32o4sCQ8HX/pTwm71huKQlFiKYxR/2iVQ=="
    },
    "todomvc-common": {
      "version": "1.0.5",
      "resolved": "https://registry.npmjs.org/todomvc-common/-/todomvc-common-1.0.5.tgz",
      "integrity": "sha512-D8kEJmxVMQIWwztEdH+WeiAfXRbbSCpgXq4NkYi+gduJ2tr8CNq7sYLfJvjpQ10KD9QxJwig57rvMbV2QAESwQ=="
    }
  }
}
