
Microsoft Visual Studio Solution File, Format Version 12.00
# Visual Studio 2013
VisualStudioVersion = 12.0.21005.1
MinimumVisualStudioVersion = 10.0.40219.1
Project("{FAE04EC0-301F-11D3-BF4B-00C04F79EFBC}") = "ToDoMVC", "ToDoMVC\ToDoMVC.csproj", "{C5839929-709E-4569-97D7-47D000A0F21A}"
EndProject
Global
	GlobalSection(SolutionConfigurationPlatforms) = preSolution
		Debug|Any CPU = Debug|Any CPU
		Release|Any CPU = Release|Any CPU
	EndGlobalSection
	GlobalSection(ProjectConfigurationPlatforms) = postSolution
		{C5839929-709E-4569-97D7-47D000A0F21A}.Debug|Any CPU.ActiveCfg = Debug|Any CPU
		{C5839929-709E-4569-97D7-47D000A0F21A}.Debug|Any CPU.Build.0 = Debug|Any CPU
		{C5839929-709E-4569-97D7-47D000A0F21A}.Release|Any CPU.ActiveCfg = Release|Any CPU
		{C5839929-709E-4569-97D7-47D000A0F21A}.Release|Any CPU.Build.0 = Release|Any CPU
	EndGlobalSection
	GlobalSection(SolutionProperties) = preSolution
		HideSolutionNode = FALSE
	EndGlobalSection
EndGlobal
