# Generated by pub
# See http://pub.dartlang.org/doc/glossary.html#lockfile
packages:
  analyzer:
    description: analyzer
    source: hosted
    version: "0.10.2"
  angular:
    description: angular
    source: hosted
    version: "0.9.0+1"
  args:
    description: args
    source: hosted
    version: "0.9.0"
  browser:
    description: browser
    source: hosted
    version: "0.9.0"
  di:
    description: di
    source: hosted
    version: "0.0.27"
  html5lib:
    description: html5lib
    source: hosted
    version: "0.9.0"
  intl:
    description: intl
    source: hosted
    version: "0.9.0"
  js:
    description: js
    source: hosted
    version: "0.2.0"
  logging:
    description: logging
    source: hosted
    version: "0.9.0"
  meta:
    description: meta
    source: hosted
    version: "0.8.8"
  path:
    description: path
    source: hosted
    version: "0.9.0"
  perf_api:
    description: perf_api
    source: hosted
    version: "0.0.8"
  route_hierarchical:
    description: route_hierarchical
    source: hosted
    version: "0.4.8"
  source_maps:
    description: source_maps
    source: hosted
    version: "0.9.0"
  stack_trace:
    description: stack_trace
    source: hosted
    version: "0.9.0"
  unittest:
    description: unittest
    source: hosted
    version: "0.9.0"
  unmodifiable_collection:
    description: unmodifiable_collection
    source: hosted
    version: "0.9.0"
  utf:
    description: utf
    source: hosted
    version: "0.9.0"
