{
    "name": "todomvc-javascript-web-components",
    "version": "1.0.0",
    "lockfileVersion": 2,
    "requires": true,
    "packages": {
        "": {
            "name": "todomvc-javascript-web-components",
            "version": "1.0.0",
            "license": "ISC",
            "dependencies": {
                "http-server": "^14.1.1",
                "todomvc-common": "^1.0.5"
            },
            "engines": {
                "node": ">=18.13.0",
                "npm": ">=8.19.3"
            }
        },
        "node_modules/ansi-styles": {
            "version": "4.3.0",
            "license": "MIT",
            "dependencies": {
                "color-convert": "^2.0.1"
            },
            "engines": {
                "node": ">=8"
            },
            "funding": {
                "url": "https://github.com/chalk/ansi-styles?sponsor=1"
            }
        },
        "node_modules/async": {
            "version": "2.6.4",
            "license": "MIT",
            "dependencies": {
                "lodash": "^4.17.14"
            }
        },
        "node_modules/basic-auth": {
            "version": "2.0.1",
            "license": "MIT",
            "dependencies": {
                "safe-buffer": "5.1.2"
            },
            "engines": {
                "node": ">= 0.8"
            }
        },
        "node_modules/call-bind": {
            "version": "1.0.2",
            "license": "MIT",
            "dependencies": {
                "function-bind": "^1.1.1",
                "get-intrinsic": "^1.0.2"
            },
            "funding": {
                "url": "https://github.com/sponsors/ljharb"
            }
        },
        "node_modules/chalk": {
            "version": "4.1.2",
            "license": "MIT",
            "dependencies": {
                "ansi-styles": "^4.1.0",
                "supports-color": "^7.1.0"
            },
            "engines": {
                "node": ">=10"
            },
            "funding": {
                "url": "https://github.com/chalk/chalk?sponsor=1"
            }
        },
        "node_modules/color-convert": {
            "version": "2.0.1",
            "license": "MIT",
            "dependencies": {
                "color-name": "~1.1.4"
            },
            "engines": {
                "node": ">=7.0.0"
            }
        },
        "node_modules/color-name": {
            "version": "1.1.4",
            "license": "MIT"
        },
        "node_modules/corser": {
            "version": "2.0.1",
            "license": "MIT",
            "engines": {
                "node": ">= 0.4.0"
            }
        },
        "node_modules/debug": {
            "version": "3.2.7",
            "license": "MIT",
            "dependencies": {
                "ms": "^2.1.1"
            }
        },
        "node_modules/eventemitter3": {
            "version": "4.0.7",
            "license": "MIT"
        },
        "node_modules/follow-redirects": {
            "version": "1.15.2",
            "funding": [
                {
                    "type": "individual",
                    "url": "https://github.com/sponsors/RubenVerborgh"
                }
            ],
            "license": "MIT",
            "engines": {
                "node": ">=4.0"
            },
            "peerDependenciesMeta": {
                "debug": {
                    "optional": true
                }
            }
        },
        "node_modules/function-bind": {
            "version": "1.1.1",
            "license": "MIT"
        },
        "node_modules/get-intrinsic": {
            "version": "1.2.1",
            "license": "MIT",
            "dependencies": {
                "function-bind": "^1.1.1",
                "has": "^1.0.3",
                "has-proto": "^1.0.1",
                "has-symbols": "^1.0.3"
            },
            "funding": {
                "url": "https://github.com/sponsors/ljharb"
            }
        },
        "node_modules/has": {
            "version": "1.0.3",
            "license": "MIT",
            "dependencies": {
                "function-bind": "^1.1.1"
            },
            "engines": {
                "node": ">= 0.4.0"
            }
        },
        "node_modules/has-flag": {
            "version": "4.0.0",
            "license": "MIT",
            "engines": {
                "node": ">=8"
            }
        },
        "node_modules/has-proto": {
            "version": "1.0.1",
            "license": "MIT",
            "engines": {
                "node": ">= 0.4"
            },
            "funding": {
                "url": "https://github.com/sponsors/ljharb"
            }
        },
        "node_modules/has-symbols": {
            "version": "1.0.3",
            "license": "MIT",
            "engines": {
                "node": ">= 0.4"
            },
            "funding": {
                "url": "https://github.com/sponsors/ljharb"
            }
        },
        "node_modules/he": {
            "version": "1.2.0",
            "license": "MIT",
            "bin": {
                "he": "bin/he"
            }
        },
        "node_modules/html-encoding-sniffer": {
            "version": "3.0.0",
            "license": "MIT",
            "dependencies": {
                "whatwg-encoding": "^2.0.0"
            },
            "engines": {
                "node": ">=12"
            }
        },
        "node_modules/http-proxy": {
            "version": "1.18.1",
            "license": "MIT",
            "dependencies": {
                "eventemitter3": "^4.0.0",
                "follow-redirects": "^1.0.0",
                "requires-port": "^1.0.0"
            },
            "engines": {
                "node": ">=8.0.0"
            }
        },
        "node_modules/http-server": {
            "version": "14.1.1",
            "license": "MIT",
            "dependencies": {
                "basic-auth": "^2.0.1",
                "chalk": "^4.1.2",
                "corser": "^2.0.1",
                "he": "^1.2.0",
                "html-encoding-sniffer": "^3.0.0",
                "http-proxy": "^1.18.1",
                "mime": "^1.6.0",
                "minimist": "^1.2.6",
                "opener": "^1.5.1",
                "portfinder": "^1.0.28",
                "secure-compare": "3.0.1",
                "union": "~0.5.0",
                "url-join": "^4.0.1"
            },
            "bin": {
                "http-server": "bin/http-server"
            },
            "engines": {
                "node": ">=12"
            }
        },
        "node_modules/iconv-lite": {
            "version": "0.6.3",
            "license": "MIT",
            "dependencies": {
                "safer-buffer": ">= 2.1.2 < 3.0.0"
            },
            "engines": {
                "node": ">=0.10.0"
            }
        },
        "node_modules/lodash": {
            "version": "4.17.21",
            "license": "MIT"
        },
        "node_modules/mime": {
            "version": "1.6.0",
            "license": "MIT",
            "bin": {
                "mime": "cli.js"
            },
            "engines": {
                "node": ">=4"
            }
        },
        "node_modules/minimist": {
            "version": "1.2.8",
            "license": "MIT",
            "funding": {
                "url": "https://github.com/sponsors/ljharb"
            }
        },
        "node_modules/mkdirp": {
            "version": "0.5.6",
            "license": "MIT",
            "dependencies": {
                "minimist": "^1.2.6"
            },
            "bin": {
                "mkdirp": "bin/cmd.js"
            }
        },
        "node_modules/ms": {
            "version": "2.1.3",
            "license": "MIT"
        },
        "node_modules/object-inspect": {
            "version": "1.12.3",
            "license": "MIT",
            "funding": {
                "url": "https://github.com/sponsors/ljharb"
            }
        },
        "node_modules/opener": {
            "version": "1.5.2",
            "license": "(WTFPL OR MIT)",
            "bin": {
                "opener": "bin/opener-bin.js"
            }
        },
        "node_modules/portfinder": {
            "version": "1.0.32",
            "license": "MIT",
            "dependencies": {
                "async": "^2.6.4",
                "debug": "^3.2.7",
                "mkdirp": "^0.5.6"
            },
            "engines": {
                "node": ">= 0.12.0"
            }
        },
        "node_modules/qs": {
            "version": "6.11.2",
            "license": "BSD-3-Clause",
            "dependencies": {
                "side-channel": "^1.0.4"
            },
            "engines": {
                "node": ">=0.6"
            },
            "funding": {
                "url": "https://github.com/sponsors/ljharb"
            }
        },
        "node_modules/requires-port": {
            "version": "1.0.0",
            "license": "MIT"
        },
        "node_modules/safe-buffer": {
            "version": "5.1.2",
            "license": "MIT"
        },
        "node_modules/safer-buffer": {
            "version": "2.1.2",
            "license": "MIT"
        },
        "node_modules/secure-compare": {
            "version": "3.0.1",
            "license": "MIT"
        },
        "node_modules/side-channel": {
            "version": "1.0.4",
            "license": "MIT",
            "dependencies": {
                "call-bind": "^1.0.0",
                "get-intrinsic": "^1.0.2",
                "object-inspect": "^1.9.0"
            },
            "funding": {
                "url": "https://github.com/sponsors/ljharb"
            }
        },
        "node_modules/supports-color": {
            "version": "7.2.0",
            "license": "MIT",
            "dependencies": {
                "has-flag": "^4.0.0"
            },
            "engines": {
                "node": ">=8"
            }
        },
        "node_modules/todomvc-common": {
            "version": "1.0.5",
            "resolved": "https://registry.npmjs.org/todomvc-common/-/todomvc-common-1.0.5.tgz",
            "integrity": "sha512-D8kEJmxVMQIWwztEdH+WeiAfXRbbSCpgXq4NkYi+gduJ2tr8CNq7sYLfJvjpQ10KD9QxJwig57rvMbV2QAESwQ=="
        },
        "node_modules/union": {
            "version": "0.5.0",
            "dependencies": {
                "qs": "^6.4.0"
            },
            "engines": {
                "node": ">= 0.8.0"
            }
        },
        "node_modules/url-join": {
            "version": "4.0.1",
            "license": "MIT"
        },
        "node_modules/whatwg-encoding": {
            "version": "2.0.0",
            "license": "MIT",
            "dependencies": {
                "iconv-lite": "0.6.3"
            },
            "engines": {
                "node": ">=12"
            }
        }
    },
    "dependencies": {
        "ansi-styles": {
            "version": "4.3.0",
            "requires": {
                "color-convert": "^2.0.1"
            }
        },
        "async": {
            "version": "2.6.4",
            "requires": {
                "lodash": "^4.17.14"
            }
        },
        "basic-auth": {
            "version": "2.0.1",
            "requires": {
                "safe-buffer": "5.1.2"
            }
        },
        "call-bind": {
            "version": "1.0.2",
            "requires": {
                "function-bind": "^1.1.1",
                "get-intrinsic": "^1.0.2"
            }
        },
        "chalk": {
            "version": "4.1.2",
            "requires": {
                "ansi-styles": "^4.1.0",
                "supports-color": "^7.1.0"
            }
        },
        "color-convert": {
            "version": "2.0.1",
            "requires": {
                "color-name": "~1.1.4"
            }
        },
        "color-name": {
            "version": "1.1.4"
        },
        "corser": {
            "version": "2.0.1"
        },
        "debug": {
            "version": "3.2.7",
            "requires": {
                "ms": "^2.1.1"
            }
        },
        "eventemitter3": {
            "version": "4.0.7"
        },
        "follow-redirects": {
            "version": "1.15.2"
        },
        "function-bind": {
            "version": "1.1.1"
        },
        "get-intrinsic": {
            "version": "1.2.1",
            "requires": {
                "function-bind": "^1.1.1",
                "has": "^1.0.3",
                "has-proto": "^1.0.1",
                "has-symbols": "^1.0.3"
            }
        },
        "has": {
            "version": "1.0.3",
            "requires": {
                "function-bind": "^1.1.1"
            }
        },
        "has-flag": {
            "version": "4.0.0"
        },
        "has-proto": {
            "version": "1.0.1"
        },
        "has-symbols": {
            "version": "1.0.3"
        },
        "he": {
            "version": "1.2.0"
        },
        "html-encoding-sniffer": {
            "version": "3.0.0",
            "requires": {
                "whatwg-encoding": "^2.0.0"
            }
        },
        "http-proxy": {
            "version": "1.18.1",
            "requires": {
                "eventemitter3": "^4.0.0",
                "follow-redirects": "^1.0.0",
                "requires-port": "^1.0.0"
            }
        },
        "http-server": {
            "version": "14.1.1",
            "requires": {
                "basic-auth": "^2.0.1",
                "chalk": "^4.1.2",
                "corser": "^2.0.1",
                "he": "^1.2.0",
                "html-encoding-sniffer": "^3.0.0",
                "http-proxy": "^1.18.1",
                "mime": "^1.6.0",
                "minimist": "^1.2.6",
                "opener": "^1.5.1",
                "portfinder": "^1.0.28",
                "secure-compare": "3.0.1",
                "union": "~0.5.0",
                "url-join": "^4.0.1"
            }
        },
        "iconv-lite": {
            "version": "0.6.3",
            "requires": {
                "safer-buffer": ">= 2.1.2 < 3.0.0"
            }
        },
        "lodash": {
            "version": "4.17.21"
        },
        "mime": {
            "version": "1.6.0"
        },
        "minimist": {
            "version": "1.2.8"
        },
        "mkdirp": {
            "version": "0.5.6",
            "requires": {
                "minimist": "^1.2.6"
            }
        },
        "ms": {
            "version": "2.1.3"
        },
        "object-inspect": {
            "version": "1.12.3"
        },
        "opener": {
            "version": "1.5.2"
        },
        "portfinder": {
            "version": "1.0.32",
            "requires": {
                "async": "^2.6.4",
                "debug": "^3.2.7",
                "mkdirp": "^0.5.6"
            }
        },
        "qs": {
            "version": "6.11.2",
            "requires": {
                "side-channel": "^1.0.4"
            }
        },
        "requires-port": {
            "version": "1.0.0"
        },
        "safe-buffer": {
            "version": "5.1.2"
        },
        "safer-buffer": {
            "version": "2.1.2"
        },
        "secure-compare": {
            "version": "3.0.1"
        },
        "side-channel": {
            "version": "1.0.4",
            "requires": {
                "call-bind": "^1.0.0",
                "get-intrinsic": "^1.0.2",
                "object-inspect": "^1.9.0"
            }
        },
        "supports-color": {
            "version": "7.2.0",
            "requires": {
                "has-flag": "^4.0.0"
            }
        },
        "todomvc-common": {
            "version": "1.0.5",
            "resolved": "https://registry.npmjs.org/todomvc-common/-/todomvc-common-1.0.5.tgz",
            "integrity": "sha512-D8kEJmxVMQIWwztEdH+WeiAfXRbbSCpgXq4NkYi+gduJ2tr8CNq7sYLfJvjpQ10KD9QxJwig57rvMbV2QAESwQ=="
        },
        "union": {
            "version": "0.5.0",
            "requires": {
                "qs": "^6.4.0"
            }
        },
        "url-join": {
            "version": "4.0.1"
        },
        "whatwg-encoding": {
            "version": "2.0.0",
            "requires": {
                "iconv-lite": "0.6.3"
            }
        }
    }
}
