{
  "requires": true,
  "lockfileVersion": 1,
  "dependencies": {
    "aurelia-script": {
      "version": "1.5.2",
      "resolved": "https://registry.npmjs.org/aurelia-script/-/aurelia-script-1.5.2.tgz",
      "integrity": "sha512-oqLPppLYFJHfvPb+Q3DNxb307jWKLdlB/K6nRk+z8afVbztdEHhGXmmJT4yx54YDhbf0b7ZpCNk2gAWVdmEfaQ=="
    },
    "todomvc-app-css": {
      "version": "2.2.0",
      "resolved": "https://registry.npmjs.org/todomvc-app-css/-/todomvc-app-css-2.2.0.tgz",
      "integrity": "sha512-H03oc3QOxiGXv+MqnotcduZIwoGX8A8QbSx9J4U2Z5R96LrK+dvQmRDTgeCc0nlkPBhd3nUL4EbfS7l0TccM5g=="
    },
    "todomvc-common": {
      "version": "1.0.5",
      "resolved": "https://registry.npmjs.org/todomvc-common/-/todomvc-common-1.0.5.tgz",
      "integrity": "sha512-D8kEJmxVMQIWwztEdH+WeiAfXRbbSCpgXq4NkYi+gduJ2tr8CNq7sYLfJvjpQ10KD9QxJwig57rvMbV2QAESwQ=="
    }
  }
}
