{
  "requires": true,
  "lockfileVersion": 1,
  "dependencies": {
    "data.validation": {
      "version": "1.3.1",
      "resolved": "https://registry.npmjs.org/data.validation/-/data.validation-1.3.1.tgz",
      "integrity": "sha1-DMMYW2GhcCrXG4QBF7EXF+7FRvo="
    },
    "ramda": {
      "version": "0.26.1",
      "resolved": "https://registry.npmjs.org/ramda/-/ramda-0.26.1.tgz",
      "integrity": "sha512-hLWjpy7EnsDBb0p+Z3B7rPi3GDeRG5ZtiI33kJhTt+ORCd38AbAIjB/9zRIUoeTbE/AVX5ZkU7m6bznsvrf8eQ=="
    },
    "rxjs": {
      "version": "6.5.1",
      "resolved": "https://registry.npmjs.org/rxjs/-/rxjs-6.5.1.tgz",
      "integrity": "sha512-y0j31WJc83wPu31vS1VlAFW5JGrnGC+j+TtGAa1fRQphy48+fDYiDmX8tjGloToEsMkxnouOg/1IzXGKkJnZMg==",
      "requires": {
        "tslib": "^1.9.0"
      }
    },
    "spyne": {
      "version": "0.10.15",
      "resolved": "https://registry.npmjs.org/spyne/-/spyne-0.10.15.tgz",
      "integrity": "sha512-Gsf6Ezbmm5j6Lyqr0C5IWL1gwHftRWt9mjP1sMKiLX2djzzvGRsYk/xrEYAayIP7/b1NmeCDqCwhzI9J38IedQ==",
      "requires": {
        "data.validation": "^1.3.1",
        "ramda": "^0.26.1",
        "rxjs": "^6.5.1"
      }
    },
    "todomvc-app-css": {
      "version": "2.2.0",
      "resolved": "https://registry.npmjs.org/todomvc-app-css/-/todomvc-app-css-2.2.0.tgz",
      "integrity": "sha512-H03oc3QOxiGXv+MqnotcduZIwoGX8A8QbSx9J4U2Z5R96LrK+dvQmRDTgeCc0nlkPBhd3nUL4EbfS7l0TccM5g=="
    },
    "todomvc-common": {
      "version": "1.0.5",
      "resolved": "https://registry.npmjs.org/todomvc-common/-/todomvc-common-1.0.5.tgz",
      "integrity": "sha512-D8kEJmxVMQIWwztEdH+WeiAfXRbbSCpgXq4NkYi+gduJ2tr8CNq7sYLfJvjpQ10KD9QxJwig57rvMbV2QAESwQ=="
    },
    "tslib": {
      "version": "1.9.3",
      "resolved": "https://registry.npmjs.org/tslib/-/tslib-1.9.3.tgz",
      "integrity": "sha512-4krF8scpejhaOgqzBEcGM7yDIEfi0/8+8zDRZhNZZ2kjmHJ4hv3zCbQWxoJGz1iw5U0Jl0nma13xzHXcncMavQ=="
    }
  }
}
