# THIS IS AN AUTOGENERATED FILE. DO NOT EDIT THIS FILE DIRECTLY.
# yarn lockfile v1


"@types/q@^1.5.1":
  version "1.5.4"
  resolved "https://registry.yarnpkg.com/@types/q/-/q-1.5.4.tgz#15925414e0ad2cd765bfef58842f7e26a7accb24"
  integrity sha512-1HcDas8SEj4z1Wc696tH56G8OlRaH/sqZOynNNB+HF0WOeXPaxTtbYzJY2oEfiUxjSKjhCKr+MvR7dCHcEelug==

alphanum-sort@^1.0.0:
  version "1.0.2"
  resolved "https://registry.yarnpkg.com/alphanum-sort/-/alphanum-sort-1.0.2.tgz#97a1119649b211ad33691d9f9f486a8ec9fbe0a3"
  integrity sha1-l6ERlkmyEa0zaR2fn0hqjsn74KM=

ansi-styles@^3.2.1:
  version "3.2.1"
  resolved "https://registry.yarnpkg.com/ansi-styles/-/ansi-styles-3.2.1.tgz#41fbb20243e50b12be0f04b8dedbf07520ce841d"
  integrity sha512-VT0ZI6kZRdTh8YyJw3SMbYm/u+NqfsAxEpWO0Pf9sq8/e94WxxOpPKx9FR1FlyCtOVDNOQ+8ntlqFxiRc+r5qA==
  dependencies:
    color-convert "^1.9.0"

argparse@^1.0.7:
  version "1.0.10"
  resolved "https://registry.yarnpkg.com/argparse/-/argparse-1.0.10.tgz#bcd6791ea5ae09725e17e5ad988134cd40b3d911"
  integrity sha512-o5Roy6tNG4SL/FOkCAN6RzjiakZS25RLYFrcMttJqbdd8BWrnA+fGz57iN5Pb06pvBGvl5gQ0B48dJlslXvoTg==
  dependencies:
    sprintf-js "~1.0.2"

boolbase@^1.0.0, boolbase@~1.0.0:
  version "1.0.0"
  resolved "https://registry.yarnpkg.com/boolbase/-/boolbase-1.0.0.tgz#68dff5fbe60c51eb37725ea9e3ed310dcc1e776e"
  integrity sha1-aN/1++YMUes3cl6p4+0xDcwed24=

browserslist@^4.0.0:
  version "4.13.0"
  resolved "https://registry.yarnpkg.com/browserslist/-/browserslist-4.13.0.tgz#42556cba011e1b0a2775b611cba6a8eca18e940d"
  integrity sha512-MINatJ5ZNrLnQ6blGvePd/QOz9Xtu+Ne+x29iQSCHfkU5BugKVJwZKn/iiL8UbpIpa3JhviKjz+XxMo0m2caFQ==
  dependencies:
    caniuse-lite "^1.0.30001093"
    electron-to-chromium "^1.3.488"
    escalade "^3.0.1"
    node-releases "^1.1.58"

caller-callsite@^2.0.0:
  version "2.0.0"
  resolved "https://registry.yarnpkg.com/caller-callsite/-/caller-callsite-2.0.0.tgz#847e0fce0a223750a9a027c54b33731ad3154134"
  integrity sha1-hH4PzgoiN1CpoCfFSzNzGtMVQTQ=
  dependencies:
    callsites "^2.0.0"

caller-path@^2.0.0:
  version "2.0.0"
  resolved "https://registry.yarnpkg.com/caller-path/-/caller-path-2.0.0.tgz#468f83044e369ab2010fac5f06ceee15bb2cb1f4"
  integrity sha1-Ro+DBE42mrIBD6xfBs7uFbsssfQ=
  dependencies:
    caller-callsite "^2.0.0"

callsites@^2.0.0:
  version "2.0.0"
  resolved "https://registry.yarnpkg.com/callsites/-/callsites-2.0.0.tgz#06eb84f00eea413da86affefacbffb36093b3c50"
  integrity sha1-BuuE8A7qQT2oav/vrL/7Ngk7PFA=

caniuse-api@^3.0.0:
  version "3.0.0"
  resolved "https://registry.yarnpkg.com/caniuse-api/-/caniuse-api-3.0.0.tgz#5e4d90e2274961d46291997df599e3ed008ee4c0"
  integrity sha512-bsTwuIg/BZZK/vreVTYYbSWoe2F+71P7K5QGEX+pT250DZbfU1MQ5prOKpPR+LL6uWKK3KMwMCAS74QB3Um1uw==
  dependencies:
    browserslist "^4.0.0"
    caniuse-lite "^1.0.0"
    lodash.memoize "^4.1.2"
    lodash.uniq "^4.5.0"

caniuse-lite@^1.0.0, caniuse-lite@^1.0.30001093:
  version "1.0.30001099"
  resolved "https://registry.yarnpkg.com/caniuse-lite/-/caniuse-lite-1.0.30001099.tgz#540118fcc6842d1fde62f4ee5521d1ec6afdb40e"
  integrity sha512-sdS9A+sQTk7wKoeuZBN/YMAHVztUfVnjDi4/UV3sDE8xoh7YR12hKW+pIdB3oqKGwr9XaFL2ovfzt9w8eUI5CA==

chalk@^2.4.1, chalk@^2.4.2:
  version "2.4.2"
  resolved "https://registry.yarnpkg.com/chalk/-/chalk-2.4.2.tgz#cd42541677a54333cf541a49108c1432b44c9424"
  integrity sha512-Mti+f9lpJNcwF4tWV8/OrTTtF1gZi+f8FqlyAdouralcFWFQWF2+NgCHShjkCb+IFBLq9buZwE1xckQU4peSuQ==
  dependencies:
    ansi-styles "^3.2.1"
    escape-string-regexp "^1.0.5"
    supports-color "^5.3.0"

coa@^2.0.2:
  version "2.0.2"
  resolved "https://registry.yarnpkg.com/coa/-/coa-2.0.2.tgz#43f6c21151b4ef2bf57187db0d73de229e3e7ec3"
  integrity sha512-q5/jG+YQnSy4nRTV4F7lPepBJZ8qBNJJDBuJdoejDyLXgmL7IEo+Le2JDZudFTFt7mrCqIRaSjws4ygRCTCAXA==
  dependencies:
    "@types/q" "^1.5.1"
    chalk "^2.4.1"
    q "^1.1.2"

color-convert@^1.9.0, color-convert@^1.9.1:
  version "1.9.3"
  resolved "https://registry.yarnpkg.com/color-convert/-/color-convert-1.9.3.tgz#bb71850690e1f136567de629d2d5471deda4c1e8"
  integrity sha512-QfAUtd+vFdAtFQcC8CCyYt1fYWxSqAiK2cSD6zDB8N3cpsEBAvRxp9zOGg6G/SHHJYAT88/az/IuDGALsNVbGg==
  dependencies:
    color-name "1.1.3"

color-name@1.1.3:
  version "1.1.3"
  resolved "https://registry.yarnpkg.com/color-name/-/color-name-1.1.3.tgz#a7d0558bd89c42f795dd42328f740831ca53bc25"
  integrity sha1-p9BVi9icQveV3UIyj3QIMcpTvCU=

color-name@^1.0.0:
  version "1.1.4"
  resolved "https://registry.yarnpkg.com/color-name/-/color-name-1.1.4.tgz#c2a09a87acbde69543de6f63fa3995c826c536a2"
  integrity sha512-dOy+3AuW3a2wNbZHIuMZpTcgjGuLU/uBL/ubcZF9OXbDo8ff4O8yVp5Bf0efS8uEoYo5q4Fx7dY9OgQGXgAsQA==

color-string@^1.5.2:
  version "1.5.3"
  resolved "https://registry.yarnpkg.com/color-string/-/color-string-1.5.3.tgz#c9bbc5f01b58b5492f3d6857459cb6590ce204cc"
  integrity sha512-dC2C5qeWoYkxki5UAXapdjqO672AM4vZuPGRQfO8b5HKuKGBbKWpITyDYN7TOFKvRW7kOgAn3746clDBMDJyQw==
  dependencies:
    color-name "^1.0.0"
    simple-swizzle "^0.2.2"

color@^3.0.0:
  version "3.1.2"
  resolved "https://registry.yarnpkg.com/color/-/color-3.1.2.tgz#68148e7f85d41ad7649c5fa8c8106f098d229e10"
  integrity sha512-vXTJhHebByxZn3lDvDJYw4lR5+uB3vuoHsuYA5AKuxRVn5wzzIfQKGLBmgdVRHKTJYeK5rvJcHnrd0Li49CFpg==
  dependencies:
    color-convert "^1.9.1"
    color-string "^1.5.2"

cosmiconfig@^5.0.0:
  version "5.2.1"
  resolved "https://registry.yarnpkg.com/cosmiconfig/-/cosmiconfig-5.2.1.tgz#040f726809c591e77a17c0a3626ca45b4f168b1a"
  integrity sha512-H65gsXo1SKjf8zmrJ67eJk8aIRKV5ff2D4uKZIBZShbhGSpEmsQOPW/SKMKYhSTrqR7ufy6RP69rPogdaPh/kA==
  dependencies:
    import-fresh "^2.0.0"
    is-directory "^0.3.1"
    js-yaml "^3.13.1"
    parse-json "^4.0.0"

css-color-names@0.0.4, css-color-names@^0.0.4:
  version "0.0.4"
  resolved "https://registry.yarnpkg.com/css-color-names/-/css-color-names-0.0.4.tgz#808adc2e79cf84738069b646cb20ec27beb629e0"
  integrity sha1-gIrcLnnPhHOAabZGyyDsJ762KeA=

css-declaration-sorter@^4.0.1:
  version "4.0.1"
  resolved "https://registry.yarnpkg.com/css-declaration-sorter/-/css-declaration-sorter-4.0.1.tgz#c198940f63a76d7e36c1e71018b001721054cb22"
  integrity sha512-BcxQSKTSEEQUftYpBVnsH4SF05NTuBokb19/sBt6asXGKZ/6VP7PLG1CBCkFDYOnhXhPh0jMhO6xZ71oYHXHBA==
  dependencies:
    postcss "^7.0.1"
    timsort "^0.3.0"

css-select-base-adapter@^0.1.1:
  version "0.1.1"
  resolved "https://registry.yarnpkg.com/css-select-base-adapter/-/css-select-base-adapter-0.1.1.tgz#3b2ff4972cc362ab88561507a95408a1432135d7"
  integrity sha512-jQVeeRG70QI08vSTwf1jHxp74JoZsr2XSgETae8/xC8ovSnL2WF87GTLO86Sbwdt2lK4Umg4HnnwMO4YF3Ce7w==

css-select@^2.0.0:
  version "2.1.0"
  resolved "https://registry.yarnpkg.com/css-select/-/css-select-2.1.0.tgz#6a34653356635934a81baca68d0255432105dbef"
  integrity sha512-Dqk7LQKpwLoH3VovzZnkzegqNSuAziQyNZUcrdDM401iY+R5NkGBXGmtO05/yaXQziALuPogeG0b7UAgjnTJTQ==
  dependencies:
    boolbase "^1.0.0"
    css-what "^3.2.1"
    domutils "^1.7.0"
    nth-check "^1.0.2"

css-tree@1.0.0-alpha.37:
  version "1.0.0-alpha.37"
  resolved "https://registry.yarnpkg.com/css-tree/-/css-tree-1.0.0-alpha.37.tgz#98bebd62c4c1d9f960ec340cf9f7522e30709a22"
  integrity sha512-DMxWJg0rnz7UgxKT0Q1HU/L9BeJI0M6ksor0OgqOnF+aRCDWg/N2641HmVyU9KVIu0OVVWOb2IpC9A+BJRnejg==
  dependencies:
    mdn-data "2.0.4"
    source-map "^0.6.1"

css-tree@1.0.0-alpha.39:
  version "1.0.0-alpha.39"
  resolved "https://registry.yarnpkg.com/css-tree/-/css-tree-1.0.0-alpha.39.tgz#2bff3ffe1bb3f776cf7eefd91ee5cba77a149eeb"
  integrity sha512-7UvkEYgBAHRG9Nt980lYxjsTrCyHFN53ky3wVsDkiMdVqylqRt+Zc+jm5qw7/qyOvN2dHSYtX0e4MbCCExSvnA==
  dependencies:
    mdn-data "2.0.6"
    source-map "^0.6.1"

css-what@^3.2.1:
  version "3.3.0"
  resolved "https://registry.yarnpkg.com/css-what/-/css-what-3.3.0.tgz#10fec696a9ece2e591ac772d759aacabac38cd39"
  integrity sha512-pv9JPyatiPaQ6pf4OvD/dbfm0o5LviWmwxNWzblYf/1u9QZd0ihV+PMwy5jdQWQ3349kZmKEx9WXuSka2dM4cg==

cssesc@^3.0.0:
  version "3.0.0"
  resolved "https://registry.yarnpkg.com/cssesc/-/cssesc-3.0.0.tgz#37741919903b868565e1c09ea747445cd18983ee"
  integrity sha512-/Tb/JcjK111nNScGob5MNtsntNM1aCNUDipB/TkwZFhyDrrE47SOx/18wF2bbjgc3ZzCSKW1T5nt5EbFoAz/Vg==

cssnano-preset-default@^4.0.7:
  version "4.0.7"
  resolved "https://registry.yarnpkg.com/cssnano-preset-default/-/cssnano-preset-default-4.0.7.tgz#51ec662ccfca0f88b396dcd9679cdb931be17f76"
  integrity sha512-x0YHHx2h6p0fCl1zY9L9roD7rnlltugGu7zXSKQx6k2rYw0Hi3IqxcoAGF7u9Q5w1nt7vK0ulxV8Lo+EvllGsA==
  dependencies:
    css-declaration-sorter "^4.0.1"
    cssnano-util-raw-cache "^4.0.1"
    postcss "^7.0.0"
    postcss-calc "^7.0.1"
    postcss-colormin "^4.0.3"
    postcss-convert-values "^4.0.1"
    postcss-discard-comments "^4.0.2"
    postcss-discard-duplicates "^4.0.2"
    postcss-discard-empty "^4.0.1"
    postcss-discard-overridden "^4.0.1"
    postcss-merge-longhand "^4.0.11"
    postcss-merge-rules "^4.0.3"
    postcss-minify-font-values "^4.0.2"
    postcss-minify-gradients "^4.0.2"
    postcss-minify-params "^4.0.2"
    postcss-minify-selectors "^4.0.2"
    postcss-normalize-charset "^4.0.1"
    postcss-normalize-display-values "^4.0.2"
    postcss-normalize-positions "^4.0.2"
    postcss-normalize-repeat-style "^4.0.2"
    postcss-normalize-string "^4.0.2"
    postcss-normalize-timing-functions "^4.0.2"
    postcss-normalize-unicode "^4.0.1"
    postcss-normalize-url "^4.0.1"
    postcss-normalize-whitespace "^4.0.2"
    postcss-ordered-values "^4.1.2"
    postcss-reduce-initial "^4.0.3"
    postcss-reduce-transforms "^4.0.2"
    postcss-svgo "^4.0.2"
    postcss-unique-selectors "^4.0.1"

cssnano-util-get-arguments@^4.0.0:
  version "4.0.0"
  resolved "https://registry.yarnpkg.com/cssnano-util-get-arguments/-/cssnano-util-get-arguments-4.0.0.tgz#ed3a08299f21d75741b20f3b81f194ed49cc150f"
  integrity sha1-7ToIKZ8h11dBsg87gfGU7UnMFQ8=

cssnano-util-get-match@^4.0.0:
  version "4.0.0"
  resolved "https://registry.yarnpkg.com/cssnano-util-get-match/-/cssnano-util-get-match-4.0.0.tgz#c0e4ca07f5386bb17ec5e52250b4f5961365156d"
  integrity sha1-wOTKB/U4a7F+xeUiULT1lhNlFW0=

cssnano-util-raw-cache@^4.0.1:
  version "4.0.1"
  resolved "https://registry.yarnpkg.com/cssnano-util-raw-cache/-/cssnano-util-raw-cache-4.0.1.tgz#b26d5fd5f72a11dfe7a7846fb4c67260f96bf282"
  integrity sha512-qLuYtWK2b2Dy55I8ZX3ky1Z16WYsx544Q0UWViebptpwn/xDBmog2TLg4f+DBMg1rJ6JDWtn96WHbOKDWt1WQA==
  dependencies:
    postcss "^7.0.0"

cssnano-util-same-parent@^4.0.0:
  version "4.0.1"
  resolved "https://registry.yarnpkg.com/cssnano-util-same-parent/-/cssnano-util-same-parent-4.0.1.tgz#574082fb2859d2db433855835d9a8456ea18bbf3"
  integrity sha512-WcKx5OY+KoSIAxBW6UBBRay1U6vkYheCdjyVNDm85zt5K9mHoGOfsOsqIszfAqrQQFIIKgjh2+FDgIj/zsl21Q==

cssnano@^4.1.10:
  version "4.1.10"
  resolved "https://registry.yarnpkg.com/cssnano/-/cssnano-4.1.10.tgz#0ac41f0b13d13d465487e111b778d42da631b8b2"
  integrity sha512-5wny+F6H4/8RgNlaqab4ktc3e0/blKutmq8yNlBFXA//nSFFAqAngjNVRzUvCgYROULmZZUoosL/KSoZo5aUaQ==
  dependencies:
    cosmiconfig "^5.0.0"
    cssnano-preset-default "^4.0.7"
    is-resolvable "^1.0.0"
    postcss "^7.0.0"

csso@^4.0.2:
  version "4.0.3"
  resolved "https://registry.yarnpkg.com/csso/-/csso-4.0.3.tgz#0d9985dc852c7cc2b2cacfbbe1079014d1a8e903"
  integrity sha512-NL3spysxUkcrOgnpsT4Xdl2aiEiBG6bXswAABQVHcMrfjjBisFOKwLDOmf4wf32aPdcJws1zds2B0Rg+jqMyHQ==
  dependencies:
    css-tree "1.0.0-alpha.39"

define-properties@^1.1.2, define-properties@^1.1.3:
  version "1.1.3"
  resolved "https://registry.yarnpkg.com/define-properties/-/define-properties-1.1.3.tgz#cf88da6cbee26fe6db7094f61d870cbd84cee9f1"
  integrity sha512-3MqfYKj2lLzdMSf8ZIZE/V+Zuy+BgD6f164e8K2w7dgnpKArBDerGYpM46IYYcjnkdPNMjPk9A6VFB8+3SKlXQ==
  dependencies:
    object-keys "^1.0.12"

dom-serializer@0:
  version "0.2.2"
  resolved "https://registry.yarnpkg.com/dom-serializer/-/dom-serializer-0.2.2.tgz#1afb81f533717175d478655debc5e332d9f9bb51"
  integrity sha512-2/xPb3ORsQ42nHYiSunXkDjPLBaEj/xTwUO4B7XCZQTRk7EBtTOPaygh10YAAh2OI1Qrp6NWfpAhzswj0ydt9g==
  dependencies:
    domelementtype "^2.0.1"
    entities "^2.0.0"

domelementtype@1:
  version "1.3.1"
  resolved "https://registry.yarnpkg.com/domelementtype/-/domelementtype-1.3.1.tgz#d048c44b37b0d10a7f2a3d5fee3f4333d790481f"
  integrity sha512-BSKB+TSpMpFI/HOxCNr1O8aMOTZ8hT3pM3GQ0w/mWRmkhEDSFJkkyzz4XQsBV44BChwGkrDfMyjVD0eA2aFV3w==

domelementtype@^2.0.1:
  version "2.0.1"
  resolved "https://registry.yarnpkg.com/domelementtype/-/domelementtype-2.0.1.tgz#1f8bdfe91f5a78063274e803b4bdcedf6e94f94d"
  integrity sha512-5HOHUDsYZWV8FGWN0Njbr/Rn7f/eWSQi1v7+HsUVwXgn8nWWlL64zKDkS0n8ZmQ3mlWOMuXOnR+7Nx/5tMO5AQ==

domutils@^1.7.0:
  version "1.7.0"
  resolved "https://registry.yarnpkg.com/domutils/-/domutils-1.7.0.tgz#56ea341e834e06e6748af7a1cb25da67ea9f8c2a"
  integrity sha512-Lgd2XcJ/NjEw+7tFvfKxOzCYKZsdct5lczQ2ZaQY8Djz7pfAD3Gbp8ySJWtreII/vDlMVmxwa6pHmdxIYgttDg==
  dependencies:
    dom-serializer "0"
    domelementtype "1"

dot-prop@^5.2.0:
  version "5.2.0"
  resolved "https://registry.yarnpkg.com/dot-prop/-/dot-prop-5.2.0.tgz#c34ecc29556dc45f1f4c22697b6f4904e0cc4fcb"
  integrity sha512-uEUyaDKoSQ1M4Oq8l45hSE26SnTxL6snNnqvK/VWx5wJhmff5z0FUVJDKDanor/6w3kzE3i7XZOk+7wC0EXr1A==
  dependencies:
    is-obj "^2.0.0"

electron-to-chromium@^1.3.488:
  version "1.3.497"
  resolved "https://registry.yarnpkg.com/electron-to-chromium/-/electron-to-chromium-1.3.497.tgz#de00f2f2f44c258c4577fbfbd5124b94c18bfa44"
  integrity sha512-sPdW5bUDZwiFtoonuZCUwRGzsZmKzcLM0bMVhp6SMCfUG+B3faENLx3cE+o+K0Jl+MPuNA9s9cScyFjOlixZpQ==

entities@^2.0.0:
  version "2.0.3"
  resolved "https://registry.yarnpkg.com/entities/-/entities-2.0.3.tgz#5c487e5742ab93c15abb5da22759b8590ec03b7f"
  integrity sha512-MyoZ0jgnLvB2X3Lg5HqpFmn1kybDiIfEQmKzTb5apr51Rb+T3KdmMiqa70T+bhGnyv7bQ6WMj2QMHpGMmlrUYQ==

error-ex@^1.3.1:
  version "1.3.2"
  resolved "https://registry.yarnpkg.com/error-ex/-/error-ex-1.3.2.tgz#b4ac40648107fdcdcfae242f428bea8a14d4f1bf"
  integrity sha512-7dFHNmqeFSEt2ZBsCriorKnn3Z2pj+fd9kmI6QoWw4//DL+icEBfc0U7qJCisqrTsKTjw4fNFy2pW9OqStD84g==
  dependencies:
    is-arrayish "^0.2.1"

es-abstract@^1.17.0-next.1, es-abstract@^1.17.2, es-abstract@^1.17.5:
  version "1.17.6"
  resolved "https://registry.yarnpkg.com/es-abstract/-/es-abstract-1.17.6.tgz#9142071707857b2cacc7b89ecb670316c3e2d52a"
  integrity sha512-Fr89bON3WFyUi5EvAeI48QTWX0AyekGgLA8H+c+7fbfCkJwRWRMLd8CQedNEyJuoYYhmtEqY92pgte1FAhBlhw==
  dependencies:
    es-to-primitive "^1.2.1"
    function-bind "^1.1.1"
    has "^1.0.3"
    has-symbols "^1.0.1"
    is-callable "^1.2.0"
    is-regex "^1.1.0"
    object-inspect "^1.7.0"
    object-keys "^1.1.1"
    object.assign "^4.1.0"
    string.prototype.trimend "^1.0.1"
    string.prototype.trimstart "^1.0.1"

es-to-primitive@^1.2.1:
  version "1.2.1"
  resolved "https://registry.yarnpkg.com/es-to-primitive/-/es-to-primitive-1.2.1.tgz#e55cd4c9cdc188bcefb03b366c736323fc5c898a"
  integrity sha512-QCOllgZJtaUo9miYBcLChTUaHNjJF3PYs1VidD7AwiEj1kYxKeQTctLAezAOH5ZKRH0g2IgPn6KwB4IT8iRpvA==
  dependencies:
    is-callable "^1.1.4"
    is-date-object "^1.0.1"
    is-symbol "^1.0.2"

escalade@^3.0.1:
  version "3.0.2"
  resolved "https://registry.yarnpkg.com/escalade/-/escalade-3.0.2.tgz#6a580d70edb87880f22b4c91d0d56078df6962c4"
  integrity sha512-gPYAU37hYCUhW5euPeR+Y74F7BL+IBsV93j5cvGriSaD1aG6MGsqsV1yamRdrWrb2j3aiZvb0X+UBOWpx3JWtQ==

escape-string-regexp@^1.0.5:
  version "1.0.5"
  resolved "https://registry.yarnpkg.com/escape-string-regexp/-/escape-string-regexp-1.0.5.tgz#1b61c0562190a8dff6ae3bb2cf0200ca130b86d4"
  integrity sha1-G2HAViGQqN/2rjuyzwIAyhMLhtQ=

esprima@^4.0.0:
  version "4.0.1"
  resolved "https://registry.yarnpkg.com/esprima/-/esprima-4.0.1.tgz#13b04cdb3e6c5d19df91ab6987a8695619b0aa71"
  integrity sha512-eGuFFw7Upda+g4p+QHvnW0RyTX/SVeJBDM/gCtMARO0cLuT2HcEKnTPvhjV6aGeqrCB/sbNop0Kszm0jsaWU4A==

function-bind@^1.1.1:
  version "1.1.1"
  resolved "https://registry.yarnpkg.com/function-bind/-/function-bind-1.1.1.tgz#a56899d3ea3c9bab874bb9773b7c5ede92f4895d"
  integrity sha512-yIovAzMX49sF8Yl58fSCWJ5svSLuaibPxXQJFLmBObTuCr0Mf1KiPopGM9NiFjiYBCbfaa2Fh6breQ6ANVTI0A==

has-flag@^3.0.0:
  version "3.0.0"
  resolved "https://registry.yarnpkg.com/has-flag/-/has-flag-3.0.0.tgz#b5d454dc2199ae225699f3467e5a07f3b955bafd"
  integrity sha1-tdRU3CGZriJWmfNGfloH87lVuv0=

has-symbols@^1.0.0, has-symbols@^1.0.1:
  version "1.0.1"
  resolved "https://registry.yarnpkg.com/has-symbols/-/has-symbols-1.0.1.tgz#9f5214758a44196c406d9bd76cebf81ec2dd31e8"
  integrity sha512-PLcsoqu++dmEIZB+6totNFKq/7Do+Z0u4oT0zKOJNl3lYK6vGwwu2hjHs+68OEZbTjiUE9bgOABXbP/GvrS0Kg==

has@^1.0.0, has@^1.0.3:
  version "1.0.3"
  resolved "https://registry.yarnpkg.com/has/-/has-1.0.3.tgz#722d7cbfc1f6aa8241f16dd814e011e1f41e8796"
  integrity sha512-f2dvO0VU6Oej7RkWJGrehjbzMAjFp5/VKPp5tTpWIV4JHHZK1/BxbFRtf/siA2SWTe09caDmVtYYzWEIbBS4zw==
  dependencies:
    function-bind "^1.1.1"

hex-color-regex@^1.1.0:
  version "1.1.0"
  resolved "https://registry.yarnpkg.com/hex-color-regex/-/hex-color-regex-1.1.0.tgz#4c06fccb4602fe2602b3c93df82d7e7dbf1a8a8e"
  integrity sha512-l9sfDFsuqtOqKDsQdqrMRk0U85RZc0RtOR9yPI7mRVOa4FsR/BVnZ0shmQRM96Ji99kYZP/7hn1cedc1+ApsTQ==

hsl-regex@^1.0.0:
  version "1.0.0"
  resolved "https://registry.yarnpkg.com/hsl-regex/-/hsl-regex-1.0.0.tgz#d49330c789ed819e276a4c0d272dffa30b18fe6e"
  integrity sha1-1JMwx4ntgZ4nakwNJy3/owsY/m4=

hsla-regex@^1.0.0:
  version "1.0.0"
  resolved "https://registry.yarnpkg.com/hsla-regex/-/hsla-regex-1.0.0.tgz#c1ce7a3168c8c6614033a4b5f7877f3b225f9c38"
  integrity sha1-wc56MWjIxmFAM6S194d/OyJfnDg=

html-comment-regex@^1.1.0:
  version "1.1.2"
  resolved "https://registry.yarnpkg.com/html-comment-regex/-/html-comment-regex-1.1.2.tgz#97d4688aeb5c81886a364faa0cad1dda14d433a7"
  integrity sha512-P+M65QY2JQ5Y0G9KKdlDpo0zK+/OHptU5AaBwUfAIDJZk1MYf32Frm84EcOytfJE0t5JvkAnKlmjsXDnWzCJmQ==

import-fresh@^2.0.0:
  version "2.0.0"
  resolved "https://registry.yarnpkg.com/import-fresh/-/import-fresh-2.0.0.tgz#d81355c15612d386c61f9ddd3922d4304822a546"
  integrity sha1-2BNVwVYS04bGH53dOSLUMEgipUY=
  dependencies:
    caller-path "^2.0.0"
    resolve-from "^3.0.0"

indexes-of@^1.0.1:
  version "1.0.1"
  resolved "https://registry.yarnpkg.com/indexes-of/-/indexes-of-1.0.1.tgz#f30f716c8e2bd346c7b67d3df3915566a7c05607"
  integrity sha1-8w9xbI4r00bHtn0985FVZqfAVgc=

is-absolute-url@^2.0.0:
  version "2.1.0"
  resolved "https://registry.yarnpkg.com/is-absolute-url/-/is-absolute-url-2.1.0.tgz#50530dfb84fcc9aa7dbe7852e83a37b93b9f2aa6"
  integrity sha1-UFMN+4T8yap9vnhS6Do3uTufKqY=

is-arrayish@^0.2.1:
  version "0.2.1"
  resolved "https://registry.yarnpkg.com/is-arrayish/-/is-arrayish-0.2.1.tgz#77c99840527aa8ecb1a8ba697b80645a7a926a9d"
  integrity sha1-d8mYQFJ6qOyxqLppe4BkWnqSap0=

is-arrayish@^0.3.1:
  version "0.3.2"
  resolved "https://registry.yarnpkg.com/is-arrayish/-/is-arrayish-0.3.2.tgz#4574a2ae56f7ab206896fb431eaeed066fdf8f03"
  integrity sha512-eVRqCvVlZbuw3GrM63ovNSNAeA1K16kaR/LRY/92w0zxQ5/1YzwblUX652i4Xs9RwAGjW9d9y6X88t8OaAJfWQ==

is-callable@^1.1.4, is-callable@^1.2.0:
  version "1.2.0"
  resolved "https://registry.yarnpkg.com/is-callable/-/is-callable-1.2.0.tgz#83336560b54a38e35e3a2df7afd0454d691468bb"
  integrity sha512-pyVD9AaGLxtg6srb2Ng6ynWJqkHU9bEM087AKck0w8QwDarTfNcpIYoU8x8Hv2Icm8u6kFJM18Dag8lyqGkviw==

is-color-stop@^1.0.0:
  version "1.1.0"
  resolved "https://registry.yarnpkg.com/is-color-stop/-/is-color-stop-1.1.0.tgz#cfff471aee4dd5c9e158598fbe12967b5cdad345"
  integrity sha1-z/9HGu5N1cnhWFmPvhKWe1za00U=
  dependencies:
    css-color-names "^0.0.4"
    hex-color-regex "^1.1.0"
    hsl-regex "^1.0.0"
    hsla-regex "^1.0.0"
    rgb-regex "^1.0.1"
    rgba-regex "^1.0.0"

is-date-object@^1.0.1:
  version "1.0.2"
  resolved "https://registry.yarnpkg.com/is-date-object/-/is-date-object-1.0.2.tgz#bda736f2cd8fd06d32844e7743bfa7494c3bfd7e"
  integrity sha512-USlDT524woQ08aoZFzh3/Z6ch9Y/EWXEHQ/AaRN0SkKq4t2Jw2R2339tSXmwuVoY7LLlBCbOIlx2myP/L5zk0g==

is-directory@^0.3.1:
  version "0.3.1"
  resolved "https://registry.yarnpkg.com/is-directory/-/is-directory-0.3.1.tgz#61339b6f2475fc772fd9c9d83f5c8575dc154ae1"
  integrity sha1-YTObbyR1/Hcv2cnYP1yFddwVSuE=

is-obj@^2.0.0:
  version "2.0.0"
  resolved "https://registry.yarnpkg.com/is-obj/-/is-obj-2.0.0.tgz#473fb05d973705e3fd9620545018ca8e22ef4982"
  integrity sha512-drqDG3cbczxxEJRoOXcOjtdp1J/lyp1mNn0xaznRs8+muBhgQcrnbspox5X5fOw0HnMnbfDzvnEMEtqDEJEo8w==

is-regex@^1.1.0:
  version "1.1.0"
  resolved "https://registry.yarnpkg.com/is-regex/-/is-regex-1.1.0.tgz#ece38e389e490df0dc21caea2bd596f987f767ff"
  integrity sha512-iI97M8KTWID2la5uYXlkbSDQIg4F6o1sYboZKKTDpnDQMLtUL86zxhgDet3Q2SriaYsyGqZ6Mn2SjbRKeLHdqw==
  dependencies:
    has-symbols "^1.0.1"

is-resolvable@^1.0.0:
  version "1.1.0"
  resolved "https://registry.yarnpkg.com/is-resolvable/-/is-resolvable-1.1.0.tgz#fb18f87ce1feb925169c9a407c19318a3206ed88"
  integrity sha512-qgDYXFSR5WvEfuS5dMj6oTMEbrrSaM0CrFk2Yiq/gXnBvD9pMa2jGXxyhGLfvhZpuMZe18CJpFxAt3CRs42NMg==

is-svg@^3.0.0:
  version "3.0.0"
  resolved "https://registry.yarnpkg.com/is-svg/-/is-svg-3.0.0.tgz#9321dbd29c212e5ca99c4fa9794c714bcafa2f75"
  integrity sha512-gi4iHK53LR2ujhLVVj+37Ykh9GLqYHX6JOVXbLAucaG/Cqw9xwdFOjDM2qeifLs1sF1npXXFvDu0r5HNgCMrzQ==
  dependencies:
    html-comment-regex "^1.1.0"

is-symbol@^1.0.2:
  version "1.0.3"
  resolved "https://registry.yarnpkg.com/is-symbol/-/is-symbol-1.0.3.tgz#38e1014b9e6329be0de9d24a414fd7441ec61937"
  integrity sha512-OwijhaRSgqvhm/0ZdAcXNZt9lYdKFpcRDT5ULUuYXPoT794UNOdU+gpT6Rzo7b4V2HUl/op6GqY894AZwv9faQ==
  dependencies:
    has-symbols "^1.0.1"

js-yaml@^3.13.1:
  version "3.14.0"
  resolved "https://registry.yarnpkg.com/js-yaml/-/js-yaml-3.14.0.tgz#a7a34170f26a21bb162424d8adacb4113a69e482"
  integrity sha512-/4IbIeHcD9VMHFqDR/gQ7EdZdLimOvW2DdcxFjdyyZ9NsbS+ccrXqVWDtab/lRl5AlUqmpBx8EhPaWR+OtY17A==
  dependencies:
    argparse "^1.0.7"
    esprima "^4.0.0"

json-parse-better-errors@^1.0.1:
  version "1.0.2"
  resolved "https://registry.yarnpkg.com/json-parse-better-errors/-/json-parse-better-errors-1.0.2.tgz#bb867cfb3450e69107c131d1c514bab3dc8bcaa9"
  integrity sha512-mrqyZKfX5EhL7hvqcV6WG1yYjnjeuYDzDhhcAAUrq8Po85NBQBJP+ZDUT75qZQ98IkUoBqdkExkukOU7Ts2wrw==

lodash.memoize@^4.1.2:
  version "4.1.2"
  resolved "https://registry.yarnpkg.com/lodash.memoize/-/lodash.memoize-4.1.2.tgz#bcc6c49a42a2840ed997f323eada5ecd182e0bfe"
  integrity sha1-vMbEmkKihA7Zl/Mj6tpezRguC/4=

lodash.uniq@^4.5.0:
  version "4.5.0"
  resolved "https://registry.yarnpkg.com/lodash.uniq/-/lodash.uniq-4.5.0.tgz#d0225373aeb652adc1bc82e4945339a842754773"
  integrity sha1-0CJTc662Uq3BvILklFM5qEJ1R3M=

mdn-data@2.0.4:
  version "2.0.4"
  resolved "https://registry.yarnpkg.com/mdn-data/-/mdn-data-2.0.4.tgz#699b3c38ac6f1d728091a64650b65d388502fd5b"
  integrity sha512-iV3XNKw06j5Q7mi6h+9vbx23Tv7JkjEVgKHW4pimwyDGWm0OIQntJJ+u1C6mg6mK1EaTv42XQ7w76yuzH7M2cA==

mdn-data@2.0.6:
  version "2.0.6"
  resolved "https://registry.yarnpkg.com/mdn-data/-/mdn-data-2.0.6.tgz#852dc60fcaa5daa2e8cf6c9189c440ed3e042978"
  integrity sha512-rQvjv71olwNHgiTbfPZFkJtjNMciWgswYeciZhtvWLO8bmX3TnhyA62I6sTWOyZssWHJJjY6/KiWwqQsWWsqOA==

minimist@^1.2.5:
  version "1.2.5"
  resolved "https://registry.yarnpkg.com/minimist/-/minimist-1.2.5.tgz#67d66014b66a6a8aaa0c083c5fd58df4e4e97602"
  integrity sha512-FM9nNUYrRBAELZQT3xeZQ7fmMOBg6nWNmJKTcgsJeaLstP/UODVpGsr5OhXhhXg6f+qtJ8uiZ+PUxkDWcgIXLw==

mithril@^2.0.4:
  version "2.0.4"
  resolved "https://registry.yarnpkg.com/mithril/-/mithril-2.0.4.tgz#d125969d992b924c7185d24ff92d997e5c00116b"
  integrity sha512-mgw+DMZlhMS4PpprF6dl7ZoeZq5GGcAuWnrg5e12MvaGauc4jzWsDZtVGRCktsiQczOEUr2K5teKbE5k44RlOg==

mkdirp@~0.5.1:
  version "0.5.5"
  resolved "https://registry.yarnpkg.com/mkdirp/-/mkdirp-0.5.5.tgz#d91cefd62d1436ca0f41620e251288d420099def"
  integrity sha512-NKmAlESf6jMGym1++R0Ra7wvhV+wFW63FaSOFPwRahvea0gMUcGUhVeAg/0BC0wiv9ih5NYPB1Wn1UEI1/L+xQ==
  dependencies:
    minimist "^1.2.5"

node-releases@^1.1.58:
  version "1.1.59"
  resolved "https://registry.yarnpkg.com/node-releases/-/node-releases-1.1.59.tgz#4d648330641cec704bff10f8e4fe28e453ab8e8e"
  integrity sha512-H3JrdUczbdiwxN5FuJPyCHnGHIFqQ0wWxo+9j1kAXAzqNMAHlo+4I/sYYxpyK0irQ73HgdiyzD32oqQDcU2Osw==

normalize-url@^3.0.0:
  version "3.3.0"
  resolved "https://registry.yarnpkg.com/normalize-url/-/normalize-url-3.3.0.tgz#b2e1c4dc4f7c6d57743df733a4f5978d18650559"
  integrity sha512-U+JJi7duF1o+u2pynbp2zXDW2/PADgC30f0GsHZtRh+HOcXHnw137TrNlyxxRvWW5fjKd3bcLHPxofWuCjaeZg==

nth-check@^1.0.2:
  version "1.0.2"
  resolved "https://registry.yarnpkg.com/nth-check/-/nth-check-1.0.2.tgz#b2bd295c37e3dd58a3bf0700376663ba4d9cf05c"
  integrity sha512-WeBOdju8SnzPN5vTUJYxYUxLeXpCaVP5i5e0LF8fg7WORF2Wd7wFX/pk0tYZk7s8T+J7VLy0Da6J1+wCT0AtHg==
  dependencies:
    boolbase "~1.0.0"

object-inspect@^1.7.0:
  version "1.8.0"
  resolved "https://registry.yarnpkg.com/object-inspect/-/object-inspect-1.8.0.tgz#df807e5ecf53a609cc6bfe93eac3cc7be5b3a9d0"
  integrity sha512-jLdtEOB112fORuypAyl/50VRVIBIdVQOSUUGQHzJ4xBSbit81zRarz7GThkEFZy1RceYrWYcPcBFPQwHyAc1gA==

object-keys@^1.0.11, object-keys@^1.0.12, object-keys@^1.1.1:
  version "1.1.1"
  resolved "https://registry.yarnpkg.com/object-keys/-/object-keys-1.1.1.tgz#1c47f272df277f3b1daf061677d9c82e2322c60e"
  integrity sha512-NuAESUOUMrlIXOfHKzD6bpPu3tYt3xvjNdRIQ+FeT0lNb4K8WR70CaDxhuNguS2XG+GjkyMwOzsN5ZktImfhLA==

object.assign@^4.1.0:
  version "4.1.0"
  resolved "https://registry.yarnpkg.com/object.assign/-/object.assign-4.1.0.tgz#968bf1100d7956bb3ca086f006f846b3bc4008da"
  integrity sha512-exHJeq6kBKj58mqGyTQ9DFvrZC/eR6OwxzoM9YRoGBqrXYonaFyGiFMuc9VZrXf7DarreEwMpurG3dd+CNyW5w==
  dependencies:
    define-properties "^1.1.2"
    function-bind "^1.1.1"
    has-symbols "^1.0.0"
    object-keys "^1.0.11"

object.getownpropertydescriptors@^2.1.0:
  version "2.1.0"
  resolved "https://registry.yarnpkg.com/object.getownpropertydescriptors/-/object.getownpropertydescriptors-2.1.0.tgz#369bf1f9592d8ab89d712dced5cb81c7c5352649"
  integrity sha512-Z53Oah9A3TdLoblT7VKJaTDdXdT+lQO+cNpKVnya5JDe9uLvzu1YyY1yFDFrcxrlRgWrEFH0jJtD/IbuwjcEVg==
  dependencies:
    define-properties "^1.1.3"
    es-abstract "^1.17.0-next.1"

object.values@^1.1.0:
  version "1.1.1"
  resolved "https://registry.yarnpkg.com/object.values/-/object.values-1.1.1.tgz#68a99ecde356b7e9295a3c5e0ce31dc8c953de5e"
  integrity sha512-WTa54g2K8iu0kmS/us18jEmdv1a4Wi//BZ/DTVYEcH0XhLM5NYdpDHja3gt57VrZLcNAO2WGA+KpWsDBaHt6eA==
  dependencies:
    define-properties "^1.1.3"
    es-abstract "^1.17.0-next.1"
    function-bind "^1.1.1"
    has "^1.0.3"

parse-json@^4.0.0:
  version "4.0.0"
  resolved "https://registry.yarnpkg.com/parse-json/-/parse-json-4.0.0.tgz#be35f5425be1f7f6c747184f98a788cb99477ee0"
  integrity sha1-vjX1Qlvh9/bHRxhPmKeIy5lHfuA=
  dependencies:
    error-ex "^1.3.1"
    json-parse-better-errors "^1.0.1"

postcss-calc@^7.0.1:
  version "7.0.2"
  resolved "https://registry.yarnpkg.com/postcss-calc/-/postcss-calc-7.0.2.tgz#504efcd008ca0273120568b0792b16cdcde8aac1"
  integrity sha512-rofZFHUg6ZIrvRwPeFktv06GdbDYLcGqh9EwiMutZg+a0oePCCw1zHOEiji6LCpyRcjTREtPASuUqeAvYlEVvQ==
  dependencies:
    postcss "^7.0.27"
    postcss-selector-parser "^6.0.2"
    postcss-value-parser "^4.0.2"

postcss-colormin@^4.0.3:
  version "4.0.3"
  resolved "https://registry.yarnpkg.com/postcss-colormin/-/postcss-colormin-4.0.3.tgz#ae060bce93ed794ac71264f08132d550956bd381"
  integrity sha512-WyQFAdDZpExQh32j0U0feWisZ0dmOtPl44qYmJKkq9xFWY3p+4qnRzCHeNrkeRhwPHz9bQ3mo0/yVkaply0MNw==
  dependencies:
    browserslist "^4.0.0"
    color "^3.0.0"
    has "^1.0.0"
    postcss "^7.0.0"
    postcss-value-parser "^3.0.0"

postcss-convert-values@^4.0.1:
  version "4.0.1"
  resolved "https://registry.yarnpkg.com/postcss-convert-values/-/postcss-convert-values-4.0.1.tgz#ca3813ed4da0f812f9d43703584e449ebe189a7f"
  integrity sha512-Kisdo1y77KUC0Jmn0OXU/COOJbzM8cImvw1ZFsBgBgMgb1iL23Zs/LXRe3r+EZqM3vGYKdQ2YJVQ5VkJI+zEJQ==
  dependencies:
    postcss "^7.0.0"
    postcss-value-parser "^3.0.0"

postcss-discard-comments@^4.0.2:
  version "4.0.2"
  resolved "https://registry.yarnpkg.com/postcss-discard-comments/-/postcss-discard-comments-4.0.2.tgz#1fbabd2c246bff6aaad7997b2b0918f4d7af4033"
  integrity sha512-RJutN259iuRf3IW7GZyLM5Sw4GLTOH8FmsXBnv8Ab/Tc2k4SR4qbV4DNbyyY4+Sjo362SyDmW2DQ7lBSChrpkg==
  dependencies:
    postcss "^7.0.0"

postcss-discard-duplicates@^4.0.2:
  version "4.0.2"
  resolved "https://registry.yarnpkg.com/postcss-discard-duplicates/-/postcss-discard-duplicates-4.0.2.tgz#3fe133cd3c82282e550fc9b239176a9207b784eb"
  integrity sha512-ZNQfR1gPNAiXZhgENFfEglF93pciw0WxMkJeVmw8eF+JZBbMD7jp6C67GqJAXVZP2BWbOztKfbsdmMp/k8c6oQ==
  dependencies:
    postcss "^7.0.0"

postcss-discard-empty@^4.0.1:
  version "4.0.1"
  resolved "https://registry.yarnpkg.com/postcss-discard-empty/-/postcss-discard-empty-4.0.1.tgz#c8c951e9f73ed9428019458444a02ad90bb9f765"
  integrity sha512-B9miTzbznhDjTfjvipfHoqbWKwd0Mj+/fL5s1QOz06wufguil+Xheo4XpOnc4NqKYBCNqqEzgPv2aPBIJLox0w==
  dependencies:
    postcss "^7.0.0"

postcss-discard-overridden@^4.0.1:
  version "4.0.1"
  resolved "https://registry.yarnpkg.com/postcss-discard-overridden/-/postcss-discard-overridden-4.0.1.tgz#652aef8a96726f029f5e3e00146ee7a4e755ff57"
  integrity sha512-IYY2bEDD7g1XM1IDEsUT4//iEYCxAmP5oDSFMVU/JVvT7gh+l4fmjciLqGgwjdWpQIdb0Che2VX00QObS5+cTg==
  dependencies:
    postcss "^7.0.0"

postcss-merge-longhand@^4.0.11:
  version "4.0.11"
  resolved "https://registry.yarnpkg.com/postcss-merge-longhand/-/postcss-merge-longhand-4.0.11.tgz#62f49a13e4a0ee04e7b98f42bb16062ca2549e24"
  integrity sha512-alx/zmoeXvJjp7L4mxEMjh8lxVlDFX1gqWHzaaQewwMZiVhLo42TEClKaeHbRf6J7j82ZOdTJ808RtN0ZOZwvw==
  dependencies:
    css-color-names "0.0.4"
    postcss "^7.0.0"
    postcss-value-parser "^3.0.0"
    stylehacks "^4.0.0"

postcss-merge-rules@^4.0.3:
  version "4.0.3"
  resolved "https://registry.yarnpkg.com/postcss-merge-rules/-/postcss-merge-rules-4.0.3.tgz#362bea4ff5a1f98e4075a713c6cb25aefef9a650"
  integrity sha512-U7e3r1SbvYzO0Jr3UT/zKBVgYYyhAz0aitvGIYOYK5CPmkNih+WDSsS5tvPrJ8YMQYlEMvsZIiqmn7HdFUaeEQ==
  dependencies:
    browserslist "^4.0.0"
    caniuse-api "^3.0.0"
    cssnano-util-same-parent "^4.0.0"
    postcss "^7.0.0"
    postcss-selector-parser "^3.0.0"
    vendors "^1.0.0"

postcss-minify-font-values@^4.0.2:
  version "4.0.2"
  resolved "https://registry.yarnpkg.com/postcss-minify-font-values/-/postcss-minify-font-values-4.0.2.tgz#cd4c344cce474343fac5d82206ab2cbcb8afd5a6"
  integrity sha512-j85oO6OnRU9zPf04+PZv1LYIYOprWm6IA6zkXkrJXyRveDEuQggG6tvoy8ir8ZwjLxLuGfNkCZEQG7zan+Hbtg==
  dependencies:
    postcss "^7.0.0"
    postcss-value-parser "^3.0.0"

postcss-minify-gradients@^4.0.2:
  version "4.0.2"
  resolved "https://registry.yarnpkg.com/postcss-minify-gradients/-/postcss-minify-gradients-4.0.2.tgz#93b29c2ff5099c535eecda56c4aa6e665a663471"
  integrity sha512-qKPfwlONdcf/AndP1U8SJ/uzIJtowHlMaSioKzebAXSG4iJthlWC9iSWznQcX4f66gIWX44RSA841HTHj3wK+Q==
  dependencies:
    cssnano-util-get-arguments "^4.0.0"
    is-color-stop "^1.0.0"
    postcss "^7.0.0"
    postcss-value-parser "^3.0.0"

postcss-minify-params@^4.0.2:
  version "4.0.2"
  resolved "https://registry.yarnpkg.com/postcss-minify-params/-/postcss-minify-params-4.0.2.tgz#6b9cef030c11e35261f95f618c90036d680db874"
  integrity sha512-G7eWyzEx0xL4/wiBBJxJOz48zAKV2WG3iZOqVhPet/9geefm/Px5uo1fzlHu+DOjT+m0Mmiz3jkQzVHe6wxAWg==
  dependencies:
    alphanum-sort "^1.0.0"
    browserslist "^4.0.0"
    cssnano-util-get-arguments "^4.0.0"
    postcss "^7.0.0"
    postcss-value-parser "^3.0.0"
    uniqs "^2.0.0"

postcss-minify-selectors@^4.0.2:
  version "4.0.2"
  resolved "https://registry.yarnpkg.com/postcss-minify-selectors/-/postcss-minify-selectors-4.0.2.tgz#e2e5eb40bfee500d0cd9243500f5f8ea4262fbd8"
  integrity sha512-D5S1iViljXBj9kflQo4YutWnJmwm8VvIsU1GeXJGiG9j8CIg9zs4voPMdQDUmIxetUOh60VilsNzCiAFTOqu3g==
  dependencies:
    alphanum-sort "^1.0.0"
    has "^1.0.0"
    postcss "^7.0.0"
    postcss-selector-parser "^3.0.0"

postcss-normalize-charset@^4.0.1:
  version "4.0.1"
  resolved "https://registry.yarnpkg.com/postcss-normalize-charset/-/postcss-normalize-charset-4.0.1.tgz#8b35add3aee83a136b0471e0d59be58a50285dd4"
  integrity sha512-gMXCrrlWh6G27U0hF3vNvR3w8I1s2wOBILvA87iNXaPvSNo5uZAMYsZG7XjCUf1eVxuPfyL4TJ7++SGZLc9A3g==
  dependencies:
    postcss "^7.0.0"

postcss-normalize-display-values@^4.0.2:
  version "4.0.2"
  resolved "https://registry.yarnpkg.com/postcss-normalize-display-values/-/postcss-normalize-display-values-4.0.2.tgz#0dbe04a4ce9063d4667ed2be476bb830c825935a"
  integrity sha512-3F2jcsaMW7+VtRMAqf/3m4cPFhPD3EFRgNs18u+k3lTJJlVe7d0YPO+bnwqo2xg8YiRpDXJI2u8A0wqJxMsQuQ==
  dependencies:
    cssnano-util-get-match "^4.0.0"
    postcss "^7.0.0"
    postcss-value-parser "^3.0.0"

postcss-normalize-positions@^4.0.2:
  version "4.0.2"
  resolved "https://registry.yarnpkg.com/postcss-normalize-positions/-/postcss-normalize-positions-4.0.2.tgz#05f757f84f260437378368a91f8932d4b102917f"
  integrity sha512-Dlf3/9AxpxE+NF1fJxYDeggi5WwV35MXGFnnoccP/9qDtFrTArZ0D0R+iKcg5WsUd8nUYMIl8yXDCtcrT8JrdA==
  dependencies:
    cssnano-util-get-arguments "^4.0.0"
    has "^1.0.0"
    postcss "^7.0.0"
    postcss-value-parser "^3.0.0"

postcss-normalize-repeat-style@^4.0.2:
  version "4.0.2"
  resolved "https://registry.yarnpkg.com/postcss-normalize-repeat-style/-/postcss-normalize-repeat-style-4.0.2.tgz#c4ebbc289f3991a028d44751cbdd11918b17910c"
  integrity sha512-qvigdYYMpSuoFs3Is/f5nHdRLJN/ITA7huIoCyqqENJe9PvPmLhNLMu7QTjPdtnVf6OcYYO5SHonx4+fbJE1+Q==
  dependencies:
    cssnano-util-get-arguments "^4.0.0"
    cssnano-util-get-match "^4.0.0"
    postcss "^7.0.0"
    postcss-value-parser "^3.0.0"

postcss-normalize-string@^4.0.2:
  version "4.0.2"
  resolved "https://registry.yarnpkg.com/postcss-normalize-string/-/postcss-normalize-string-4.0.2.tgz#cd44c40ab07a0c7a36dc5e99aace1eca4ec2690c"
  integrity sha512-RrERod97Dnwqq49WNz8qo66ps0swYZDSb6rM57kN2J+aoyEAJfZ6bMx0sx/F9TIEX0xthPGCmeyiam/jXif0eA==
  dependencies:
    has "^1.0.0"
    postcss "^7.0.0"
    postcss-value-parser "^3.0.0"

postcss-normalize-timing-functions@^4.0.2:
  version "4.0.2"
  resolved "https://registry.yarnpkg.com/postcss-normalize-timing-functions/-/postcss-normalize-timing-functions-4.0.2.tgz#8e009ca2a3949cdaf8ad23e6b6ab99cb5e7d28d9"
  integrity sha512-acwJY95edP762e++00Ehq9L4sZCEcOPyaHwoaFOhIwWCDfik6YvqsYNxckee65JHLKzuNSSmAdxwD2Cud1Z54A==
  dependencies:
    cssnano-util-get-match "^4.0.0"
    postcss "^7.0.0"
    postcss-value-parser "^3.0.0"

postcss-normalize-unicode@^4.0.1:
  version "4.0.1"
  resolved "https://registry.yarnpkg.com/postcss-normalize-unicode/-/postcss-normalize-unicode-4.0.1.tgz#841bd48fdcf3019ad4baa7493a3d363b52ae1cfb"
  integrity sha512-od18Uq2wCYn+vZ/qCOeutvHjB5jm57ToxRaMeNuf0nWVHaP9Hua56QyMF6fs/4FSUnVIw0CBPsU0K4LnBPwYwg==
  dependencies:
    browserslist "^4.0.0"
    postcss "^7.0.0"
    postcss-value-parser "^3.0.0"

postcss-normalize-url@^4.0.1:
  version "4.0.1"
  resolved "https://registry.yarnpkg.com/postcss-normalize-url/-/postcss-normalize-url-4.0.1.tgz#10e437f86bc7c7e58f7b9652ed878daaa95faae1"
  integrity sha512-p5oVaF4+IHwu7VpMan/SSpmpYxcJMtkGppYf0VbdH5B6hN8YNmVyJLuY9FmLQTzY3fag5ESUUHDqM+heid0UVA==
  dependencies:
    is-absolute-url "^2.0.0"
    normalize-url "^3.0.0"
    postcss "^7.0.0"
    postcss-value-parser "^3.0.0"

postcss-normalize-whitespace@^4.0.2:
  version "4.0.2"
  resolved "https://registry.yarnpkg.com/postcss-normalize-whitespace/-/postcss-normalize-whitespace-4.0.2.tgz#bf1d4070fe4fcea87d1348e825d8cc0c5faa7d82"
  integrity sha512-tO8QIgrsI3p95r8fyqKV+ufKlSHh9hMJqACqbv2XknufqEDhDvbguXGBBqxw9nsQoXWf0qOqppziKJKHMD4GtA==
  dependencies:
    postcss "^7.0.0"
    postcss-value-parser "^3.0.0"

postcss-ordered-values@^4.1.2:
  version "4.1.2"
  resolved "https://registry.yarnpkg.com/postcss-ordered-values/-/postcss-ordered-values-4.1.2.tgz#0cf75c820ec7d5c4d280189559e0b571ebac0eee"
  integrity sha512-2fCObh5UanxvSxeXrtLtlwVThBvHn6MQcu4ksNT2tsaV2Fg76R2CV98W7wNSlX+5/pFwEyaDwKLLoEV7uRybAw==
  dependencies:
    cssnano-util-get-arguments "^4.0.0"
    postcss "^7.0.0"
    postcss-value-parser "^3.0.0"

postcss-reduce-initial@^4.0.3:
  version "4.0.3"
  resolved "https://registry.yarnpkg.com/postcss-reduce-initial/-/postcss-reduce-initial-4.0.3.tgz#7fd42ebea5e9c814609639e2c2e84ae270ba48df"
  integrity sha512-gKWmR5aUulSjbzOfD9AlJiHCGH6AEVLaM0AV+aSioxUDd16qXP1PCh8d1/BGVvpdWn8k/HiK7n6TjeoXN1F7DA==
  dependencies:
    browserslist "^4.0.0"
    caniuse-api "^3.0.0"
    has "^1.0.0"
    postcss "^7.0.0"

postcss-reduce-transforms@^4.0.2:
  version "4.0.2"
  resolved "https://registry.yarnpkg.com/postcss-reduce-transforms/-/postcss-reduce-transforms-4.0.2.tgz#17efa405eacc6e07be3414a5ca2d1074681d4e29"
  integrity sha512-EEVig1Q2QJ4ELpJXMZR8Vt5DQx8/mo+dGWSR7vWXqcob2gQLyQGsionYcGKATXvQzMPn6DSN1vTN7yFximdIAg==
  dependencies:
    cssnano-util-get-match "^4.0.0"
    has "^1.0.0"
    postcss "^7.0.0"
    postcss-value-parser "^3.0.0"

postcss-selector-parser@^3.0.0:
  version "3.1.2"
  resolved "https://registry.yarnpkg.com/postcss-selector-parser/-/postcss-selector-parser-3.1.2.tgz#b310f5c4c0fdaf76f94902bbaa30db6aa84f5270"
  integrity sha512-h7fJ/5uWuRVyOtkO45pnt1Ih40CEleeyCHzipqAZO2e5H20g25Y48uYnFUiShvY4rZWNJ/Bib/KVPmanaCtOhA==
  dependencies:
    dot-prop "^5.2.0"
    indexes-of "^1.0.1"
    uniq "^1.0.1"

postcss-selector-parser@^6.0.2:
  version "6.0.2"
  resolved "https://registry.yarnpkg.com/postcss-selector-parser/-/postcss-selector-parser-6.0.2.tgz#934cf799d016c83411859e09dcecade01286ec5c"
  integrity sha512-36P2QR59jDTOAiIkqEprfJDsoNrvwFei3eCqKd1Y0tUsBimsq39BLp7RD+JWny3WgB1zGhJX8XVePwm9k4wdBg==
  dependencies:
    cssesc "^3.0.0"
    indexes-of "^1.0.1"
    uniq "^1.0.1"

postcss-svgo@^4.0.2:
  version "4.0.2"
  resolved "https://registry.yarnpkg.com/postcss-svgo/-/postcss-svgo-4.0.2.tgz#17b997bc711b333bab143aaed3b8d3d6e3d38258"
  integrity sha512-C6wyjo3VwFm0QgBy+Fu7gCYOkCmgmClghO+pjcxvrcBKtiKt0uCF+hvbMO1fyv5BMImRK90SMb+dwUnfbGd+jw==
  dependencies:
    is-svg "^3.0.0"
    postcss "^7.0.0"
    postcss-value-parser "^3.0.0"
    svgo "^1.0.0"

postcss-unique-selectors@^4.0.1:
  version "4.0.1"
  resolved "https://registry.yarnpkg.com/postcss-unique-selectors/-/postcss-unique-selectors-4.0.1.tgz#9446911f3289bfd64c6d680f073c03b1f9ee4bac"
  integrity sha512-+JanVaryLo9QwZjKrmJgkI4Fn8SBgRO6WXQBJi7KiAVPlmxikB5Jzc4EvXMT2H0/m0RjrVVm9rGNhZddm/8Spg==
  dependencies:
    alphanum-sort "^1.0.0"
    postcss "^7.0.0"
    uniqs "^2.0.0"

postcss-value-parser@^3.0.0:
  version "3.3.1"
  resolved "https://registry.yarnpkg.com/postcss-value-parser/-/postcss-value-parser-3.3.1.tgz#9ff822547e2893213cf1c30efa51ac5fd1ba8281"
  integrity sha512-pISE66AbVkp4fDQ7VHBwRNXzAAKJjw4Vw7nWI/+Q3vuly7SNfgYXvm6i5IgFylHGK5sP/xHAbB7N49OS4gWNyQ==

postcss-value-parser@^4.0.2:
  version "4.1.0"
  resolved "https://registry.yarnpkg.com/postcss-value-parser/-/postcss-value-parser-4.1.0.tgz#443f6a20ced6481a2bda4fa8532a6e55d789a2cb"
  integrity sha512-97DXOFbQJhk71ne5/Mt6cOu6yxsSfM0QGQyl0L25Gca4yGWEGJaig7l7gbCX623VqTBNGLRLaVUCnNkcedlRSQ==

postcss@^7.0.0, postcss@^7.0.1, postcss@^7.0.27:
  version "7.0.32"
  resolved "https://registry.yarnpkg.com/postcss/-/postcss-7.0.32.tgz#4310d6ee347053da3433db2be492883d62cec59d"
  integrity sha512-03eXong5NLnNCD05xscnGKGDZ98CyzoqPSMjOe6SuoQY7Z2hIj0Ld1g/O/UQRuOle2aRtiIRDg9tDcTGAkLfKw==
  dependencies:
    chalk "^2.4.2"
    source-map "^0.6.1"
    supports-color "^6.1.0"

q@^1.1.2:
  version "1.5.1"
  resolved "https://registry.yarnpkg.com/q/-/q-1.5.1.tgz#7e32f75b41381291d04611f1bf14109ac00651d7"
  integrity sha1-fjL3W0E4EpHQRhHxvxQQmsAGUdc=

resolve-from@^3.0.0:
  version "3.0.0"
  resolved "https://registry.yarnpkg.com/resolve-from/-/resolve-from-3.0.0.tgz#b22c7af7d9d6881bc8b6e653335eebcb0a188748"
  integrity sha1-six699nWiBvItuZTM17rywoYh0g=

rgb-regex@^1.0.1:
  version "1.0.1"
  resolved "https://registry.yarnpkg.com/rgb-regex/-/rgb-regex-1.0.1.tgz#c0e0d6882df0e23be254a475e8edd41915feaeb1"
  integrity sha1-wODWiC3w4jviVKR16O3UGRX+rrE=

rgba-regex@^1.0.0:
  version "1.0.0"
  resolved "https://registry.yarnpkg.com/rgba-regex/-/rgba-regex-1.0.0.tgz#43374e2e2ca0968b0ef1523460b7d730ff22eeb3"
  integrity sha1-QzdOLiyglosO8VI0YLfXMP8i7rM=

sax@~1.2.4:
  version "1.2.4"
  resolved "https://registry.yarnpkg.com/sax/-/sax-1.2.4.tgz#2816234e2378bddc4e5354fab5caa895df7100d9"
  integrity sha512-NqVDv9TpANUjFm0N8uM5GxL36UgKi9/atZw+x7YFnQ8ckwFGKrl4xX4yWtrey3UJm5nP1kUbnYgLopqWNSRhWw==

simple-swizzle@^0.2.2:
  version "0.2.2"
  resolved "https://registry.yarnpkg.com/simple-swizzle/-/simple-swizzle-0.2.2.tgz#a4da6b635ffcccca33f70d17cb92592de95e557a"
  integrity sha1-pNprY1/8zMoz9w0Xy5JZLeleVXo=
  dependencies:
    is-arrayish "^0.3.1"

source-map@^0.6.1:
  version "0.6.1"
  resolved "https://registry.yarnpkg.com/source-map/-/source-map-0.6.1.tgz#74722af32e9614e9c287a8d0bbde48b5e2f1a263"
  integrity sha512-UjgapumWlbMhkBgzT7Ykc5YXUT46F0iKu8SGXq0bcwP5dz/h0Plj6enJqjz1Zbq2l5WaqYnrVbwWOWMyF3F47g==

sprintf-js@~1.0.2:
  version "1.0.3"
  resolved "https://registry.yarnpkg.com/sprintf-js/-/sprintf-js-1.0.3.tgz#04e6926f662895354f3dd015203633b857297e2c"
  integrity sha1-BOaSb2YolTVPPdAVIDYzuFcpfiw=

stable@^0.1.8:
  version "0.1.8"
  resolved "https://registry.yarnpkg.com/stable/-/stable-0.1.8.tgz#836eb3c8382fe2936feaf544631017ce7d47a3cf"
  integrity sha512-ji9qxRnOVfcuLDySj9qzhGSEFVobyt1kIOSkj1qZzYLzq7Tos/oUUWvotUPQLlrsidqsK6tBH89Bc9kL5zHA6w==

string.prototype.trimend@^1.0.1:
  version "1.0.1"
  resolved "https://registry.yarnpkg.com/string.prototype.trimend/-/string.prototype.trimend-1.0.1.tgz#85812a6b847ac002270f5808146064c995fb6913"
  integrity sha512-LRPxFUaTtpqYsTeNKaFOw3R4bxIzWOnbQ837QfBylo8jIxtcbK/A/sMV7Q+OAV/vWo+7s25pOE10KYSjaSO06g==
  dependencies:
    define-properties "^1.1.3"
    es-abstract "^1.17.5"

string.prototype.trimstart@^1.0.1:
  version "1.0.1"
  resolved "https://registry.yarnpkg.com/string.prototype.trimstart/-/string.prototype.trimstart-1.0.1.tgz#14af6d9f34b053f7cfc89b72f8f2ee14b9039a54"
  integrity sha512-XxZn+QpvrBI1FOcg6dIpxUPgWCPuNXvMD72aaRaUQv1eD4e/Qy8i/hFTe0BUmD60p/QA6bh1avmuPTfNjqVWRw==
  dependencies:
    define-properties "^1.1.3"
    es-abstract "^1.17.5"

stylehacks@^4.0.0:
  version "4.0.3"
  resolved "https://registry.yarnpkg.com/stylehacks/-/stylehacks-4.0.3.tgz#6718fcaf4d1e07d8a1318690881e8d96726a71d5"
  integrity sha512-7GlLk9JwlElY4Y6a/rmbH2MhVlTyVmiJd1PfTCqFaIBEGMYNsrO/v3SeGTdhBThLg4Z+NbOk/qFMwCa+J+3p/g==
  dependencies:
    browserslist "^4.0.0"
    postcss "^7.0.0"
    postcss-selector-parser "^3.0.0"

supports-color@^5.3.0:
  version "5.5.0"
  resolved "https://registry.yarnpkg.com/supports-color/-/supports-color-5.5.0.tgz#e2e69a44ac8772f78a1ec0b35b689df6530efc8f"
  integrity sha512-QjVjwdXIt408MIiAqCX4oUKsgU2EqAGzs2Ppkm4aQYbjm+ZEWEcW4SfFNTr4uMNZma0ey4f5lgLrkB0aX0QMow==
  dependencies:
    has-flag "^3.0.0"

supports-color@^6.1.0:
  version "6.1.0"
  resolved "https://registry.yarnpkg.com/supports-color/-/supports-color-6.1.0.tgz#0764abc69c63d5ac842dd4867e8d025e880df8f3"
  integrity sha512-qe1jfm1Mg7Nq/NSh6XE24gPXROEVsWHxC1LIx//XNlD9iw7YZQGjZNjYN7xGaEG6iKdA8EtNFW6R0gjnVXp+wQ==
  dependencies:
    has-flag "^3.0.0"

svgo@^1.0.0:
  version "1.3.2"
  resolved "https://registry.yarnpkg.com/svgo/-/svgo-1.3.2.tgz#b6dc511c063346c9e415b81e43401145b96d4167"
  integrity sha512-yhy/sQYxR5BkC98CY7o31VGsg014AKLEPxdfhora76l36hD9Rdy5NZA/Ocn6yayNPgSamYdtX2rFJdcv07AYVw==
  dependencies:
    chalk "^2.4.1"
    coa "^2.0.2"
    css-select "^2.0.0"
    css-select-base-adapter "^0.1.1"
    css-tree "1.0.0-alpha.37"
    csso "^4.0.2"
    js-yaml "^3.13.1"
    mkdirp "~0.5.1"
    object.values "^1.1.0"
    sax "~1.2.4"
    stable "^0.1.8"
    unquote "~1.1.1"
    util.promisify "~1.0.0"

timsort@^0.3.0:
  version "0.3.0"
  resolved "https://registry.yarnpkg.com/timsort/-/timsort-0.3.0.tgz#405411a8e7e6339fe64db9a234de11dc31e02bd4"
  integrity sha1-QFQRqOfmM5/mTbmiNN4R3DHgK9Q=

todomvc-app-css@^2.0.0:
  version "2.3.0"
  resolved "https://registry.yarnpkg.com/todomvc-app-css/-/todomvc-app-css-2.3.0.tgz#cc27f1686ab4c418eef4e790289cc124baca2546"
  integrity sha512-RG8hxqoVn8Be3wxyuyHfOSAXiY1Z0N+PYQOe/jxzy3wpU1Obfwd1RF1i/fz/fR+MrYL+Q+BdrUt8SsXdtR7Oow==

todomvc-common@^1.0.0:
  version "1.0.5"
  resolved "https://registry.yarnpkg.com/todomvc-common/-/todomvc-common-1.0.5.tgz#8c3e799ac9f1fc1573e0c204f984510826914730"
  integrity sha512-D8kEJmxVMQIWwztEdH+WeiAfXRbbSCpgXq4NkYi+gduJ2tr8CNq7sYLfJvjpQ10KD9QxJwig57rvMbV2QAESwQ==

uniq@^1.0.1:
  version "1.0.1"
  resolved "https://registry.yarnpkg.com/uniq/-/uniq-1.0.1.tgz#b31c5ae8254844a3a8281541ce2b04b865a734ff"
  integrity sha1-sxxa6CVIRKOoKBVBzisEuGWnNP8=

uniqs@^2.0.0:
  version "2.0.0"
  resolved "https://registry.yarnpkg.com/uniqs/-/uniqs-2.0.0.tgz#ffede4b36b25290696e6e165d4a59edb998e6b02"
  integrity sha1-/+3ks2slKQaW5uFl1KWe25mOawI=

unquote@~1.1.1:
  version "1.1.1"
  resolved "https://registry.yarnpkg.com/unquote/-/unquote-1.1.1.tgz#8fded7324ec6e88a0ff8b905e7c098cdc086d544"
  integrity sha1-j97XMk7G6IoP+LkF58CYzcCG1UQ=

util.promisify@~1.0.0:
  version "1.0.1"
  resolved "https://registry.yarnpkg.com/util.promisify/-/util.promisify-1.0.1.tgz#6baf7774b80eeb0f7520d8b81d07982a59abbaee"
  integrity sha512-g9JpC/3He3bm38zsLupWryXHoEcS22YHthuPQSJdMy6KNrzIRzWqcsHzD/WUnqe45whVou4VIsPew37DoXWNrA==
  dependencies:
    define-properties "^1.1.3"
    es-abstract "^1.17.2"
    has-symbols "^1.0.1"
    object.getownpropertydescriptors "^2.1.0"

vendors@^1.0.0:
  version "1.0.4"
  resolved "https://registry.yarnpkg.com/vendors/-/vendors-1.0.4.tgz#e2b800a53e7a29b93506c3cf41100d16c4c4ad8e"
  integrity sha512-/juG65kTL4Cy2su4P8HjtkTxk6VmJDiOPBufWniqQ6wknac6jNiXS9vU+hO3wgusiyqWlzTbVHi0dyJqRONg3w==
