{
  "name": "alpine-todo",
  "version": "1.0.0",
  "lockfileVersion": 1,
  "requires": true,
  "dependencies": {
    "@vue/reactivity": {
      "version": "3.1.4",
      "resolved": "https://registry.npmjs.org/@vue/reactivity/-/reactivity-3.1.4.tgz",
      "integrity": "sha512-YDlgii2Cr9yAoKVZFzgY4j0mYlVT73986X3e5SPp6ifqckSEoFSUWXZK2Tb53TB/9qO29BEEbspnKD3m3wAwkA==",
      "requires": {
        "@vue/shared": "3.1.4"
      }
    },
    "@vue/shared": {
      "version": "3.1.4",
      "resolved": "https://registry.npmjs.org/@vue/shared/-/shared-3.1.4.tgz",
      "integrity": "sha512-6O45kZAmkLvzGLToBxEz4lR2W6kXohCtebV2UxjH9GXjd8X9AhEn68FN9eNanFtWNzvgw1hqd6HkPRVQalqf7Q=="
    },
    "alpinejs": {
      "version": "3.2.1",
      "resolved": "https://registry.npmjs.org/alpinejs/-/alpinejs-3.2.1.tgz",
      "integrity": "sha512-MYYGUmVHNWN27TvgAtUCYXZlfsXoVCrLQT3a0Ak6CQKqf1TCHfQKxmhzJWscW5kPcLlOK2aYmWbV2H+XyfN2FQ==",
      "requires": {
        "@vue/reactivity": "^3.0.2"
      }
    },
    "todomvc-app-css": {
      "version": "2.4.1",
      "resolved": "https://registry.npmjs.org/todomvc-app-css/-/todomvc-app-css-2.4.1.tgz",
      "integrity": "sha512-1mZYRG435VmqIw1WahBYhAJbyfH4HnRNI8EgF4ypK4R1RjwgBBvXd0N57ZwCa1lbHzYBraA6+dVyAg3GAPEACQ=="
    },
    "todomvc-common": {
      "version": "1.0.5",
      "resolved": "https://registry.npmjs.org/todomvc-common/-/todomvc-common-1.0.5.tgz",
      "integrity": "sha512-D8kEJmxVMQIWwztEdH+WeiAfXRbbSCpgXq4NkYi+gduJ2tr8CNq7sYLfJvjpQ10KD9QxJwig57rvMbV2QAESwQ=="
    }
  }
}
