# Generated by pub
# See http://pub.dartlang.org/doc/glossary.html#lockfile
packages:
  analyzer:
    description:
      name: analyzer
      url: "https://pub.dartlang.org"
    source: hosted
    version: "0.27.6"
  args:
    description:
      name: args
      url: "https://pub.dartlang.org"
    source: hosted
    version: "0.13.7"
  async:
    description:
      name: async
      url: "https://pub.dartlang.org"
    source: hosted
    version: "1.12.0"
  barback:
    description:
      name: barback
      url: "https://pub.dartlang.org"
    source: hosted
    version: "0.15.2+9"
  browser:
    description:
      name: browser
      url: "https://pub.dartlang.org"
    source: hosted
    version: "0.10.0+2"
  charcode:
    description:
      name: charcode
      url: "https://pub.dartlang.org"
    source: hosted
    version: "1.1.1"
  collection:
    description:
      name: collection
      url: "https://pub.dartlang.org"
    source: hosted
    version: "1.13.0"
  convert:
    description:
      name: convert
      url: "https://pub.dartlang.org"
    source: hosted
    version: "2.0.1"
  crypto:
    description:
      name: crypto
      url: "https://pub.dartlang.org"
    source: hosted
    version: "2.0.1"
  csslib:
    description:
      name: csslib
      url: "https://pub.dartlang.org"
    source: hosted
    version: "0.13.3+1"
  dart_to_js_script_rewriter:
    description:
      name: dart_to_js_script_rewriter
      url: "https://pub.dartlang.org"
    source: hosted
    version: "1.0.2"
  glob:
    description:
      name: glob
      url: "https://pub.dartlang.org"
    source: hosted
    version: "1.1.3"
  html:
    description:
      name: html
      url: "https://pub.dartlang.org"
    source: hosted
    version: "0.13.1"
  isolate:
    description:
      name: isolate
      url: "https://pub.dartlang.org"
    source: hosted
    version: "0.2.3"
  js:
    description:
      name: js
      url: "https://pub.dartlang.org"
    source: hosted
    version: "0.6.1"
  logging:
    description:
      name: logging
      url: "https://pub.dartlang.org"
    source: hosted
    version: "0.11.3+1"
  matcher:
    description:
      name: matcher
      url: "https://pub.dartlang.org"
    source: hosted
    version: "0.12.0+2"
  meta:
    description:
      name: meta
      url: "https://pub.dartlang.org"
    source: hosted
    version: "1.0.4"
  over_react:
    description:
      name: over_react
      url: "https://pub.dartlang.org"
    source: hosted
    version: "1.4.0"
  package_config:
    description:
      name: package_config
      url: "https://pub.dartlang.org"
    source: hosted
    version: "1.0.0"
  path:
    description:
      name: path
      url: "https://pub.dartlang.org"
    source: hosted
    version: "1.4.1"
  platform_detect:
    description:
      name: platform_detect
      url: "https://pub.dartlang.org"
    source: hosted
    version: "1.1.1"
  plugin:
    description:
      name: plugin
      url: "https://pub.dartlang.org"
    source: hosted
    version: "0.2.0"
  pool:
    description:
      name: pool
      url: "https://pub.dartlang.org"
    source: hosted
    version: "1.2.4"
  pub_semver:
    description:
      name: pub_semver
      url: "https://pub.dartlang.org"
    source: hosted
    version: "1.3.2"
  quiver:
    description:
      name: quiver
      url: "https://pub.dartlang.org"
    source: hosted
    version: "0.24.0"
  react:
    description:
      name: react
      url: "https://pub.dartlang.org"
    source: hosted
    version: "3.2.0"
  sass:
    description:
      name: sass
      url: "https://pub.dartlang.org"
    source: hosted
    version: "0.4.2+7"
  source_span:
    description:
      name: source_span
      url: "https://pub.dartlang.org"
    source: hosted
    version: "1.3.1"
  stack_trace:
    description:
      name: stack_trace
      url: "https://pub.dartlang.org"
    source: hosted
    version: "1.7.0"
  string_scanner:
    description:
      name: string_scanner
      url: "https://pub.dartlang.org"
    source: hosted
    version: "1.0.1"
  transformer_utils:
    description:
      name: transformer_utils
      url: "https://pub.dartlang.org"
    source: hosted
    version: "0.1.2"
  typed_data:
    description:
      name: typed_data
      url: "https://pub.dartlang.org"
    source: hosted
    version: "1.1.3"
  utf:
    description:
      name: utf
      url: "https://pub.dartlang.org"
    source: hosted
    version: "0.9.0+3"
  w_common:
    description:
      name: w_common
      url: "https://pub.dartlang.org"
    source: hosted
    version: "1.2.0"
  w_flux:
    description:
      name: w_flux
      url: "https://pub.dartlang.org"
    source: hosted
    version: "2.6.1"
  watcher:
    description:
      name: watcher
      url: "https://pub.dartlang.org"
    source: hosted
    version: "0.9.7+3"
  yaml:
    description:
      name: yaml
      url: "https://pub.dartlang.org"
    source: hosted
    version: "2.1.12"
sdks:
  dart: ">=1.21.0-dev.2.0 <2.0.0"
